{
  "version": 4,
  "terraform_version": "1.5.7",
  "serial": 50,
  "lineage": "aad2d4f8-0b3e-3c19-0209-26b60fd3bba7",
  "outputs": {},
  "resources": [
    {
      "module": "module.github_repository",
      "mode": "managed",
      "type": "github_repository",
      "name": "this",
      "provider": "module.github_repository.provider[\"registry.terraform.io/integrations/github\"]",
      "instances": [
        {
          "schema_version": 1,
          "attributes": {
            "allow_auto_merge": false,
            "allow_merge_commit": true,
            "allow_rebase_merge": true,
            "allow_squash_merge": true,
            "allow_update_branch": false,
            "archive_on_destroy": null,
            "archived": false,
            "auto_init": true,
            "default_branch": "main",
            "delete_branch_on_merge": false,
            "description": "",
            "etag": "W/\"0290470a773bfe7e700d6e64abb54f9fd0f9b08dc0b990e54fdf91775a9dca27\"",
            "full_name": "balu1000/flux-gitops",
            "git_clone_url": "git://github.com/balu1000/flux-gitops.git",
            "gitignore_template": null,
            "has_discussions": false,
            "has_downloads": false,
            "has_issues": false,
            "has_projects": false,
            "has_wiki": false,
            "homepage_url": "",
            "html_url": "https://github.com/balu1000/flux-gitops",
            "http_clone_url": "https://github.com/balu1000/flux-gitops.git",
            "id": "flux-gitops",
            "ignore_vulnerability_alerts_during_read": null,
            "is_template": false,
            "license_template": null,
            "merge_commit_message": "PR_TITLE",
            "merge_commit_title": "MERGE_MESSAGE",
            "name": "flux-gitops",
            "node_id": "R_kgDOL8RqCQ",
            "pages": [],
            "primary_language": "",
            "private": true,
            "repo_id": 801401353,
            "security_and_analysis": [],
            "squash_merge_commit_message": "COMMIT_MESSAGES",
            "squash_merge_commit_title": "COMMIT_OR_PR_TITLE",
            "ssh_clone_url": "git@github.com:balu1000/flux-gitops.git",
            "svn_url": "https://github.com/balu1000/flux-gitops",
            "template": [],
            "topics": [],
            "visibility": "private",
            "vulnerability_alerts": false,
            "web_commit_signoff_required": false
          },
          "sensitive_attributes": [],
          "private": "eyJzY2hlbWFfdmVyc2lvbiI6IjEifQ=="
        }
      ]
    },
    {
      "module": "module.github_repository",
      "mode": "managed",
      "type": "github_repository_deploy_key",
      "name": "this",
      "provider": "module.github_repository.provider[\"registry.terraform.io/integrations/github\"]",
      "instances": [
        {
          "schema_version": 0,
          "attributes": {
            "etag": "W/\"261b27646113168a7a8be5c1a43147158e364b73cfed03477e7e59ab582b5261\"",
            "id": "flux-gitops:99867827",
            "key": "ssh-rsa AAAAB3NzaC1yc2EAAAADAQABAAABAQC3C/IwQT/Y3lyA32DWslBHmOVC0ff5fUG0Bk7VAl/87X3rOWAPgb+nsA/wFPOiRvD+2OF8GmkO4th9auiC2H3XWmxgiG9nGfDi/QdPbNUxMnzh+yNCRtK1/iXJ1ibPImXa9MjnuVfCQwMs5RBhsIJdxrWS/vwR0SLrFKgwV0e5GMaiuv/8WTwxkPvMHmmrZ8wyubNoNl4u5LYd3ZmB66JQTDhg2IrPJORJk+yNrqAeA/niG0HXLbTrtv/Si9FrZCqp0g98cIv9GGU3O3XiR+DWi96JcI3wBpq/n6r3eLNVLqOFbBD4uUwcYsVSfPrVDgwYSTvRkYUqidVgxqgUkJIv",
            "read_only": false,
            "repository": "flux-gitops",
            "title": "flux0"
          },
          "sensitive_attributes": [
            [
              {
                "type": "get_attr",
                "value": "key"
              }
            ]
          ],
          "private": "bnVsbA==",
          "dependencies": [
            "module.github_repository.github_repository.this",
            "module.tls_private_key.tls_private_key.this"
          ]
        }
      ]
    },
    {
      "module": "module.gke_cluster",
      "mode": "managed",
      "type": "google_container_cluster",
      "name": "this",
      "provider": "module.gke_cluster.provider[\"registry.terraform.io/hashicorp/google\"]",
      "instances": [
        {
          "schema_version": 1,
          "attributes": {
            "addons_config": [
              {
                "cloudrun_config": [],
                "config_connector_config": [],
                "dns_cache_config": [],
                "gce_persistent_disk_csi_driver_config": [
                  {
                    "enabled": true
                  }
                ],
                "gcp_filestore_csi_driver_config": [],
                "gke_backup_agent_config": [],
                "horizontal_pod_autoscaling": [],
                "http_load_balancing": [],
                "network_policy_config": [
                  {
                    "disabled": true
                  }
                ]
              }
            ],
            "authenticator_groups_config": [],
            "binary_authorization": [
              {
                "enabled": false,
                "evaluation_mode": ""
              }
            ],
            "cluster_autoscaling": [
              {
                "auto_provisioning_defaults": [],
                "enabled": false,
                "resource_limits": []
              }
            ],
            "cluster_ipv4_cidr": "10.0.0.0/14",
            "confidential_nodes": [],
            "cost_management_config": [],
            "database_encryption": [
              {
                "key_name": "",
                "state": "DECRYPTED"
              }
            ],
            "datapath_provider": "",
            "default_max_pods_per_node": null,
            "default_snat_status": [
              {
                "disabled": false
              }
            ],
            "description": "",
            "dns_config": [],
            "enable_autopilot": false,
            "enable_binary_authorization": false,
            "enable_intranode_visibility": false,
            "enable_kubernetes_alpha": false,
            "enable_l4_ilb_subsetting": false,
            "enable_legacy_abac": false,
            "enable_shielded_nodes": true,
            "enable_tpu": false,
            "endpoint": "34.132.230.120",
            "gateway_api_config": [],
            "id": "projects/perceptive-bay-209210/locations/us-central1-c/clusters/main",
            "initial_node_count": 1,
            "ip_allocation_policy": [],
            "label_fingerprint": "a9dc16a7",
            "location": "us-central1-c",
            "logging_config": [
              {
                "enable_components": [
                  "SYSTEM_COMPONENTS",
                  "WORKLOADS"
                ]
              }
            ],
            "logging_service": "logging.googleapis.com/kubernetes",
            "maintenance_policy": [],
            "master_auth": [
              {
                "client_certificate": "",
                "client_certificate_config": [
                  {
                    "issue_client_certificate": false
                  }
                ],
                "client_key": "",
                "cluster_ca_certificate": "LS0tLS1CRUdJTiBDRVJUSUZJQ0FURS0tLS0tCk1JSUVMVENDQXBXZ0F3SUJBZ0lSQUpTaFBnOGNsU1dGRForRExoSXlRN2N3RFFZSktvWklodmNOQVFFTEJRQXcKTHpFdE1Dc0dBMVVFQXhNa05tWTBaVEEzTURJdE9HRmpaUzAwTURKaExXSmlNMk10TldKaFkyRTVZemxqTWpRNApNQ0FYRFRJME1EVXhOakExTlRJMU4xb1lEekl3TlRRd05UQTVNRFkxTWpVM1dqQXZNUzB3S3dZRFZRUURFeVEyClpqUmxNRGN3TWkwNFlXTmxMVFF3TW1FdFltSXpZeTAxWW1GallUbGpPV015TkRnd2dnR2lNQTBHQ1NxR1NJYjMKRFFFQkFRVUFBNElCandBd2dnR0tBb0lCZ1FDdmRKYkVCdkorS1VHdlRTU1hpcUowTHg3ZW1ZT3FzcUdvTTFVNQphcXNWMWU5L290YlQzMDVET1QwbThQdHdHTUR6VUpKVkZDd2xva3I0ZXpEWDM1dEFTYzEzSEJxK3hBd1FlR2dJCnRxYnlGT05IdUtrVDY3bFdOVlpXTDNnNVgzOWN6WGppaWwyb2tjeTRBOVZNdVpZSjhyc0xwbWw1Y05BOENBVFoKZjU0NXBTRWoxRjVoYkg2MFNucTZ6N25nNDl1WWI4YnZoUFpuTmZSUEZLVUUvNUpKNlZCc2s5NXp0VzhQMVZTSApDT2NWMmpXL0JIa2taV0hEeFZPUzkzTUMydHJSemN1RUVzUGJIWG5LTDhaRUR4SU1HZGN3aG5OS3JBd3BpL25QCk40SlVFZ3Rld282YnBtTC91TE04L0NPY09lYlpPOVdWeXhxS0w2UW5sNFdGL2ZuL1JhU0NjN053blFGTXhERWYKL1NRblVIYktsSHRiUVJOUHY4cHFlYjE4UXRoYTlOZGxyaEptQXBaeGFXMnNiSVYvTUx5ZnlZbEZRc3pvRGVlQwpOU2QwczgrYUhlYWtLT3pRanZVUU1kQWx2Z1IzV1lZdUJJNFo2eU84TG1KVFlKMUtISmVMVTg0dHFnYUJEM0VTCmpCWUFEUW5BRW92WkNvZnovNmdnWCthazJWTUNBd0VBQWFOQ01FQXdEZ1lEVlIwUEFRSC9CQVFEQWdJRU1BOEcKQTFVZEV3RUIvd1FGTUFNQkFmOHdIUVlEVlIwT0JCWUVGRWc4bExsOWFGTHdnYkhlSUZpR1pOelVvZ1Z2TUEwRwpDU3FHU0liM0RRRUJDd1VBQTRJQmdRQWRVRDhFbmpCdDI0dEwwSUhOZXJsV3BReXNvaWxXN1Z1MVdmcWpHc3dDCi8zWEVDQUcvSUpjNlN6TG5xWnpxay9DTHVXMi94eUxNRFR4YkdRS2drWjIwckIyQWw2Wk5ENC9hdDJiMjNpbU8KV0k2aktWNVFuK0pEcVNGZHhhQ2FjQy9iTGNQcGIwRnNlWXowVkpEeHBHd2JUUWRBS3FRSEFBYVFoNTRONDk4dwpqZUF6MVdJeE9HdjlmbjhaM1VxSFZXQU9JUWU1T3lTZWxnQWhRL2Z1T1BSQ25iN3g4TnBBTXg5WlFDU3JZc2g4ClNtVUhNR0RHdEpzMjQxQWp1THN0bDJCS2VHcFZQc0l5TWFVYTlNcS9wRG9RUzMxYjduQWZmWmxxR1JJQTZCRWsKUDI5dnVlTkJQU2s1V1Z5R3k5STkyVWRMeEcyQ1cxVkJGaG9jdXhqK0VET09TZW1XZ1NKMDRBNjFZUitacmVjMApEb2JTeWVUYUhvOXNONUJ4elF0Z25ub3VpOW5lR1Vyc0kxUWJYSVllcWFhNDdzWUREUjNqUFAxRDBvcE9kYXdVCjM5bEdOTE5pQnRzUHV5UlA4MDNYTGdDQUU0VjQ5Qyt5V2xhT1VvWmY4aHRUSkFBN2Y2U0o1UkZ6RVczN2Y2bHQKU2RsMjVETk5YSWhvNzlsblVhRGN4RlE9Ci0tLS0tRU5EIENFUlRJRklDQVRFLS0tLS0K"
              }
            ],
            "master_authorized_networks_config": [],
            "master_version": "1.28.7-gke.1026000",
            "mesh_certificates": [],
            "min_master_version": null,
            "monitoring_config": [
              {
                "enable_components": [
                  "SYSTEM_COMPONENTS"
                ],
                "managed_prometheus": [
                  {
                    "enabled": true
                  }
                ]
              }
            ],
            "monitoring_service": "monitoring.googleapis.com/kubernetes",
            "name": "main",
            "network": "projects/perceptive-bay-209210/global/networks/default",
            "network_policy": [
              {
                "enabled": false,
                "provider": "PROVIDER_UNSPECIFIED"
              }
            ],
            "networking_mode": "ROUTES",
            "node_config": [
              {
                "boot_disk_kms_key": "",
                "disk_size_gb": 100,
                "disk_type": "pd-balanced",
                "gcfs_config": [],
                "guest_accelerator": [],
                "gvnic": [],
                "image_type": "COS_CONTAINERD",
                "kubelet_config": [],
                "labels": {},
                "linux_node_config": [],
                "local_ssd_count": 0,
                "logging_variant": "DEFAULT",
                "machine_type": "g1-small",
                "metadata": {
                  "disable-legacy-endpoints": "true"
                },
                "min_cpu_platform": "",
                "node_group": "",
                "oauth_scopes": [
                  "https://www.googleapis.com/auth/devstorage.read_only",
                  "https://www.googleapis.com/auth/logging.write",
                  "https://www.googleapis.com/auth/monitoring",
                  "https://www.googleapis.com/auth/service.management.readonly",
                  "https://www.googleapis.com/auth/servicecontrol",
                  "https://www.googleapis.com/auth/trace.append"
                ],
                "preemptible": false,
                "reservation_affinity": [],
                "resource_labels": {},
                "service_account": "default",
                "shielded_instance_config": [
                  {
                    "enable_integrity_monitoring": true,
                    "enable_secure_boot": false
                  }
                ],
                "spot": false,
                "tags": [],
                "taint": [],
                "workload_metadata_config": [
                  {
                    "mode": "GKE_METADATA"
                  }
                ]
              }
            ],
            "node_locations": [],
            "node_pool": [
              {
                "autoscaling": [],
                "initial_node_count": 1,
                "instance_group_urls": [
                  "https://www.googleapis.com/compute/v1/projects/perceptive-bay-209210/zones/us-central1-c/instanceGroupManagers/gke-main-main-e5cf47e2-grp"
                ],
                "managed_instance_group_urls": [
                  "https://www.googleapis.com/compute/v1/projects/perceptive-bay-209210/zones/us-central1-c/instanceGroups/gke-main-main-e5cf47e2-grp"
                ],
                "management": [
                  {
                    "auto_repair": true,
                    "auto_upgrade": true
                  }
                ],
                "max_pods_per_node": 0,
                "name": "main",
                "name_prefix": "",
                "network_config": [
                  {
                    "create_pod_range": false,
                    "enable_private_nodes": false,
                    "pod_ipv4_cidr_block": "",
                    "pod_range": ""
                  }
                ],
                "node_config": [
                  {
                    "boot_disk_kms_key": "",
                    "disk_size_gb": 100,
                    "disk_type": "pd-balanced",
                    "gcfs_config": [],
                    "guest_accelerator": [],
                    "gvnic": [],
                    "image_type": "COS_CONTAINERD",
                    "kubelet_config": [],
                    "labels": {},
                    "linux_node_config": [],
                    "local_ssd_count": 0,
                    "logging_variant": "DEFAULT",
                    "machine_type": "g1-small",
                    "metadata": {
                      "disable-legacy-endpoints": "true"
                    },
                    "min_cpu_platform": "",
                    "node_group": "",
                    "oauth_scopes": [
                      "https://www.googleapis.com/auth/devstorage.read_only",
                      "https://www.googleapis.com/auth/logging.write",
                      "https://www.googleapis.com/auth/monitoring",
                      "https://www.googleapis.com/auth/service.management.readonly",
                      "https://www.googleapis.com/auth/servicecontrol",
                      "https://www.googleapis.com/auth/trace.append"
                    ],
                    "preemptible": false,
                    "reservation_affinity": [],
                    "resource_labels": {},
                    "service_account": "default",
                    "shielded_instance_config": [
                      {
                        "enable_integrity_monitoring": true,
                        "enable_secure_boot": false
                      }
                    ],
                    "spot": false,
                    "tags": [],
                    "taint": [],
                    "workload_metadata_config": [
                      {
                        "mode": "GKE_METADATA"
                      }
                    ]
                  }
                ],
                "node_count": 1,
                "node_locations": [
                  "us-central1-c"
                ],
                "placement_policy": [],
                "upgrade_settings": [
                  {
                    "blue_green_settings": [],
                    "max_surge": 1,
                    "max_unavailable": 0,
                    "strategy": "SURGE"
                  }
                ],
                "version": "1.28.7-gke.1026000"
              }
            ],
            "node_pool_defaults": [
              {
                "node_config_defaults": [
                  {
                    "logging_variant": "DEFAULT"
                  }
                ]
              }
            ],
            "node_version": "1.28.7-gke.1026000",
            "notification_config": [
              {
                "pubsub": [
                  {
                    "enabled": false,
                    "filter": [],
                    "topic": ""
                  }
                ]
              }
            ],
            "operation": null,
            "private_cluster_config": [
              {
                "enable_private_endpoint": false,
                "enable_private_nodes": false,
                "master_global_access_config": [
                  {
                    "enabled": false
                  }
                ],
                "master_ipv4_cidr_block": "",
                "peering_name": "",
                "private_endpoint": "10.128.0.18",
                "private_endpoint_subnetwork": "",
                "public_endpoint": "34.132.230.120"
              }
            ],
            "private_ipv6_google_access": "",
            "project": "perceptive-bay-209210",
            "release_channel": [
              {
                "channel": "REGULAR"
              }
            ],
            "remove_default_node_pool": true,
            "resource_labels": {},
            "resource_usage_export_config": [],
            "self_link": "https://container.googleapis.com/v1/projects/perceptive-bay-209210/zones/us-central1-c/clusters/main",
            "service_external_ips_config": [
              {
                "enabled": false
              }
            ],
            "services_ipv4_cidr": "10.3.240.0/20",
            "subnetwork": "projects/perceptive-bay-209210/regions/us-central1/subnetworks/default",
            "timeouts": null,
            "tpu_ipv4_cidr_block": "",
            "vertical_pod_autoscaling": [],
            "workload_identity_config": [
              {
                "workload_pool": "perceptive-bay-209210.svc.id.goog"
              }
            ]
          },
          "sensitive_attributes": [],
          "private": "eyJlMmJmYjczMC1lY2FhLTExZTYtOGY4OC0zNDM2M2JjN2M0YzAiOnsiY3JlYXRlIjoyNDAwMDAwMDAwMDAwLCJkZWxldGUiOjI0MDAwMDAwMDAwMDAsInJlYWQiOjI0MDAwMDAwMDAwMDAsInVwZGF0ZSI6MzYwMDAwMDAwMDAwMH0sInNjaGVtYV92ZXJzaW9uIjoiMSJ9"
        }
      ]
    },
    {
      "module": "module.gke_cluster",
      "mode": "managed",
      "type": "google_container_node_pool",
      "name": "this",
      "provider": "module.gke_cluster.provider[\"registry.terraform.io/hashicorp/google\"]",
      "instances": [
        {
          "schema_version": 1,
          "attributes": {
            "autoscaling": [],
            "cluster": "main",
            "id": "projects/perceptive-bay-209210/locations/us-central1-c/clusters/main/nodePools/main",
            "initial_node_count": 1,
            "instance_group_urls": [
              "https://www.googleapis.com/compute/v1/projects/perceptive-bay-209210/zones/us-central1-c/instanceGroupManagers/gke-main-main-e5cf47e2-grp"
            ],
            "location": "us-central1-c",
            "managed_instance_group_urls": [
              "https://www.googleapis.com/compute/v1/projects/perceptive-bay-209210/zones/us-central1-c/instanceGroups/gke-main-main-e5cf47e2-grp"
            ],
            "management": [
              {
                "auto_repair": true,
                "auto_upgrade": true
              }
            ],
            "max_pods_per_node": null,
            "name": "main",
            "name_prefix": "",
            "network_config": [
              {
                "create_pod_range": false,
                "enable_private_nodes": false,
                "pod_ipv4_cidr_block": "",
                "pod_range": ""
              }
            ],
            "node_config": [
              {
                "boot_disk_kms_key": "",
                "disk_size_gb": 100,
                "disk_type": "pd-balanced",
                "gcfs_config": [],
                "guest_accelerator": [],
                "gvnic": [],
                "image_type": "COS_CONTAINERD",
                "kubelet_config": [],
                "labels": {},
                "linux_node_config": [],
                "local_ssd_count": 0,
                "logging_variant": "DEFAULT",
                "machine_type": "g1-small",
                "metadata": {
                  "disable-legacy-endpoints": "true"
                },
                "min_cpu_platform": "",
                "node_group": "",
                "oauth_scopes": [
                  "https://www.googleapis.com/auth/devstorage.read_only",
                  "https://www.googleapis.com/auth/logging.write",
                  "https://www.googleapis.com/auth/monitoring",
                  "https://www.googleapis.com/auth/service.management.readonly",
                  "https://www.googleapis.com/auth/servicecontrol",
                  "https://www.googleapis.com/auth/trace.append"
                ],
                "preemptible": false,
                "reservation_affinity": [],
                "resource_labels": {},
                "service_account": "default",
                "shielded_instance_config": [
                  {
                    "enable_integrity_monitoring": true,
                    "enable_secure_boot": false
                  }
                ],
                "spot": false,
                "tags": [],
                "taint": [],
                "workload_metadata_config": [
                  {
                    "mode": "GKE_METADATA"
                  }
                ]
              }
            ],
            "node_count": 1,
            "node_locations": [
              "us-central1-c"
            ],
            "operation": null,
            "placement_policy": [],
            "project": "perceptive-bay-209210",
            "timeouts": null,
            "upgrade_settings": [
              {
                "blue_green_settings": [],
                "max_surge": 1,
                "max_unavailable": 0,
                "strategy": "SURGE"
              }
            ],
            "version": "1.28.7-gke.1026000"
          },
          "sensitive_attributes": [],
          "private": "eyJlMmJmYjczMC1lY2FhLTExZTYtOGY4OC0zNDM2M2JjN2M0YzAiOnsiY3JlYXRlIjoxODAwMDAwMDAwMDAwLCJkZWxldGUiOjE4MDAwMDAwMDAwMDAsInVwZGF0ZSI6MTgwMDAwMDAwMDAwMH0sInNjaGVtYV92ZXJzaW9uIjoiMSJ9",
          "dependencies": [
            "module.gke_cluster.google_container_cluster.this"
          ]
        }
      ]
    },
    {
      "module": "module.gke_cluster",
      "mode": "managed",
      "type": "local_file",
      "name": "kubeconfig",
      "provider": "provider[\"registry.terraform.io/hashicorp/local\"]",
      "instances": [
        {
          "schema_version": 0,
          "attributes": {
            "content": "apiVersion: v1\nclusters:\n- cluster:\n    certificate-authority-data: LS0tLS1CRUdJTiBDRVJUSUZJQ0FURS0tLS0tCk1JSUVMVENDQXBXZ0F3SUJBZ0lSQUpTaFBnOGNsU1dGRForRExoSXlRN2N3RFFZSktvWklodmNOQVFFTEJRQXcKTHpFdE1Dc0dBMVVFQXhNa05tWTBaVEEzTURJdE9HRmpaUzAwTURKaExXSmlNMk10TldKaFkyRTVZemxqTWpRNApNQ0FYRFRJME1EVXhOakExTlRJMU4xb1lEekl3TlRRd05UQTVNRFkxTWpVM1dqQXZNUzB3S3dZRFZRUURFeVEyClpqUmxNRGN3TWkwNFlXTmxMVFF3TW1FdFltSXpZeTAxWW1GallUbGpPV015TkRnd2dnR2lNQTBHQ1NxR1NJYjMKRFFFQkFRVUFBNElCandBd2dnR0tBb0lCZ1FDdmRKYkVCdkorS1VHdlRTU1hpcUowTHg3ZW1ZT3FzcUdvTTFVNQphcXNWMWU5L290YlQzMDVET1QwbThQdHdHTUR6VUpKVkZDd2xva3I0ZXpEWDM1dEFTYzEzSEJxK3hBd1FlR2dJCnRxYnlGT05IdUtrVDY3bFdOVlpXTDNnNVgzOWN6WGppaWwyb2tjeTRBOVZNdVpZSjhyc0xwbWw1Y05BOENBVFoKZjU0NXBTRWoxRjVoYkg2MFNucTZ6N25nNDl1WWI4YnZoUFpuTmZSUEZLVUUvNUpKNlZCc2s5NXp0VzhQMVZTSApDT2NWMmpXL0JIa2taV0hEeFZPUzkzTUMydHJSemN1RUVzUGJIWG5LTDhaRUR4SU1HZGN3aG5OS3JBd3BpL25QCk40SlVFZ3Rld282YnBtTC91TE04L0NPY09lYlpPOVdWeXhxS0w2UW5sNFdGL2ZuL1JhU0NjN053blFGTXhERWYKL1NRblVIYktsSHRiUVJOUHY4cHFlYjE4UXRoYTlOZGxyaEptQXBaeGFXMnNiSVYvTUx5ZnlZbEZRc3pvRGVlQwpOU2QwczgrYUhlYWtLT3pRanZVUU1kQWx2Z1IzV1lZdUJJNFo2eU84TG1KVFlKMUtISmVMVTg0dHFnYUJEM0VTCmpCWUFEUW5BRW92WkNvZnovNmdnWCthazJWTUNBd0VBQWFOQ01FQXdEZ1lEVlIwUEFRSC9CQVFEQWdJRU1BOEcKQTFVZEV3RUIvd1FGTUFNQkFmOHdIUVlEVlIwT0JCWUVGRWc4bExsOWFGTHdnYkhlSUZpR1pOelVvZ1Z2TUEwRwpDU3FHU0liM0RRRUJDd1VBQTRJQmdRQWRVRDhFbmpCdDI0dEwwSUhOZXJsV3BReXNvaWxXN1Z1MVdmcWpHc3dDCi8zWEVDQUcvSUpjNlN6TG5xWnpxay9DTHVXMi94eUxNRFR4YkdRS2drWjIwckIyQWw2Wk5ENC9hdDJiMjNpbU8KV0k2aktWNVFuK0pEcVNGZHhhQ2FjQy9iTGNQcGIwRnNlWXowVkpEeHBHd2JUUWRBS3FRSEFBYVFoNTRONDk4dwpqZUF6MVdJeE9HdjlmbjhaM1VxSFZXQU9JUWU1T3lTZWxnQWhRL2Z1T1BSQ25iN3g4TnBBTXg5WlFDU3JZc2g4ClNtVUhNR0RHdEpzMjQxQWp1THN0bDJCS2VHcFZQc0l5TWFVYTlNcS9wRG9RUzMxYjduQWZmWmxxR1JJQTZCRWsKUDI5dnVlTkJQU2s1V1Z5R3k5STkyVWRMeEcyQ1cxVkJGaG9jdXhqK0VET09TZW1XZ1NKMDRBNjFZUitacmVjMApEb2JTeWVUYUhvOXNONUJ4elF0Z25ub3VpOW5lR1Vyc0kxUWJYSVllcWFhNDdzWUREUjNqUFAxRDBvcE9kYXdVCjM5bEdOTE5pQnRzUHV5UlA4MDNYTGdDQUU0VjQ5Qyt5V2xhT1VvWmY4aHRUSkFBN2Y2U0o1UkZ6RVczN2Y2bHQKU2RsMjVETk5YSWhvNzlsblVhRGN4RlE9Ci0tLS0tRU5EIENFUlRJRklDQVRFLS0tLS0K\n    server: https://34.132.230.120\n  name: main\ncontexts:\n- context:\n    cluster: main\n    user: main\n  name: main\ncurrent-context: main\nkind: Config\npreferences: {}\nusers:\n- name: main\n  user:\n    token: ya29.a0AXooCgv_zr5zxmaUhw43FEmJfPZSlPXM38QZNCI3FLHTaFOw9hAMlnLh4c1teArAzq_tm7R52T_bpH4oRaFvCxnVYJMKHV1qB3U28UbMZpe5DcC5irGX2gxJKPLmXXwazmzUwOMVCPeBVcCLDvz1wtkP-BQMsqB5YsRONTa9YTVys0BDmyagIiOIvpu9pYcpheTjfda3Fgpyc-fAh8faHtjeNF92gUFzwxe6_o9IGvPP5RK3AK6FyBWwTCi9YNx52gQKwT-M6ghDEWnR0k6pR5hdVmfdS1JWhw9ro05Kr5E8vIV94vy6n1cooJqRSZTD0EbkG-gqMSLUtopcn3kTdxxdA55C9FUigYHjOqjDxqpYCm163qEOMEcWZdkVqIgLkTyL5gtqySicxxjBit9elBUYM7tgaycOBwaCgYKAfwSARISFQHGX2MiXxry2kxIw5jN9mCMcn0xqw0425\n",
            "content_base64": null,
            "content_base64sha256": "RK9Jcx7ilW8QHkBXDJCMenHzEg5ABXtpzhrBRmA5PcM=",
            "content_base64sha512": "MOV/s1bxLCgrulph9u+8dUzHR+lyboxXxlg1dXxnX2Vxtl/EMZYERUswyT4wwvVm4Oan7RXlto5GE8JegoevgA==",
            "content_md5": "aaf8425d05812ac68eae14dbec1d9935",
            "content_sha1": "8fd2a14afe6afb1aaa3fc95ad52d0fbe45ccef5b",
            "content_sha256": "44af49731ee2956f101e40570c908c7a71f3120e40057b69ce1ac14660393dc3",
            "content_sha512": "30e57fb356f12c282bba5a61f6efbc754cc747e9726e8c57c65835757c675f6571b65fc4319604454b30c93e30c2f566e0e6a7ed15e5b68e4613c25e8287af80",
            "directory_permission": "0777",
            "file_permission": "0400",
            "filename": "modules/google-gke-cluster/kubeconfig",
            "id": "8fd2a14afe6afb1aaa3fc95ad52d0fbe45ccef5b",
            "sensitive_content": null,
            "source": null
          },
          "sensitive_attributes": [
            [
              {
                "type": "get_attr",
                "value": "content"
              }
            ]
          ],
          "dependencies": [
            "module.gke_cluster.google_container_cluster.this",
            "module.gke_cluster.module.gke_auth.data.google_client_config.provider",
            "module.gke_cluster.module.gke_auth.data.google_container_cluster.gke_cluster"
          ]
        }
      ]
    },
    {
      "module": "module.gke_cluster.module.gke_auth",
      "mode": "data",
      "type": "google_client_config",
      "name": "provider",
      "provider": "module.gke_cluster.provider[\"registry.terraform.io/hashicorp/google\"]",
      "instances": [
        {
          "schema_version": 0,
          "attributes": {
            "access_token": "ya29.a0AXooCgv_zr5zxmaUhw43FEmJfPZSlPXM38QZNCI3FLHTaFOw9hAMlnLh4c1teArAzq_tm7R52T_bpH4oRaFvCxnVYJMKHV1qB3U28UbMZpe5DcC5irGX2gxJKPLmXXwazmzUwOMVCPeBVcCLDvz1wtkP-BQMsqB5YsRONTa9YTVys0BDmyagIiOIvpu9pYcpheTjfda3Fgpyc-fAh8faHtjeNF92gUFzwxe6_o9IGvPP5RK3AK6FyBWwTCi9YNx52gQKwT-M6ghDEWnR0k6pR5hdVmfdS1JWhw9ro05Kr5E8vIV94vy6n1cooJqRSZTD0EbkG-gqMSLUtopcn3kTdxxdA55C9FUigYHjOqjDxqpYCm163qEOMEcWZdkVqIgLkTyL5gtqySicxxjBit9elBUYM7tgaycOBwaCgYKAfwSARISFQHGX2MiXxry2kxIw5jN9mCMcn0xqw0425",
            "id": "projects/perceptive-bay-209210/regions/us-central1-c/zones/",
            "project": "perceptive-bay-209210",
            "region": "us-central1-c",
            "zone": ""
          },
          "sensitive_attributes": []
        }
      ]
    },
    {
      "module": "module.gke_cluster.module.gke_auth",
      "mode": "data",
      "type": "google_container_cluster",
      "name": "gke_cluster",
      "provider": "module.gke_cluster.provider[\"registry.terraform.io/hashicorp/google\"]",
      "instances": [
        {
          "schema_version": 0,
          "attributes": {
            "addons_config": [
              {
                "cloudrun_config": [],
                "config_connector_config": [],
                "dns_cache_config": [],
                "gce_persistent_disk_csi_driver_config": [
                  {
                    "enabled": true
                  }
                ],
                "gcp_filestore_csi_driver_config": [],
                "gke_backup_agent_config": [],
                "horizontal_pod_autoscaling": [],
                "http_load_balancing": [],
                "network_policy_config": [
                  {
                    "disabled": true
                  }
                ]
              }
            ],
            "authenticator_groups_config": [],
            "binary_authorization": [
              {
                "enabled": false,
                "evaluation_mode": ""
              }
            ],
            "cluster_autoscaling": [
              {
                "auto_provisioning_defaults": [],
                "enabled": false,
                "resource_limits": []
              }
            ],
            "cluster_ipv4_cidr": "10.0.0.0/14",
            "confidential_nodes": [],
            "cost_management_config": [],
            "database_encryption": [
              {
                "key_name": "",
                "state": "DECRYPTED"
              }
            ],
            "datapath_provider": "",
            "default_max_pods_per_node": null,
            "default_snat_status": [
              {
                "disabled": false
              }
            ],
            "description": "",
            "dns_config": [],
            "enable_autopilot": false,
            "enable_binary_authorization": false,
            "enable_intranode_visibility": false,
            "enable_kubernetes_alpha": false,
            "enable_l4_ilb_subsetting": false,
            "enable_legacy_abac": false,
            "enable_shielded_nodes": true,
            "enable_tpu": false,
            "endpoint": "34.132.230.120",
            "gateway_api_config": [],
            "id": "projects/perceptive-bay-209210/locations/us-central1-c/clusters/main",
            "initial_node_count": 1,
            "ip_allocation_policy": [],
            "label_fingerprint": "a9dc16a7",
            "location": "us-central1-c",
            "logging_config": [
              {
                "enable_components": [
                  "SYSTEM_COMPONENTS",
                  "WORKLOADS"
                ]
              }
            ],
            "logging_service": "logging.googleapis.com/kubernetes",
            "maintenance_policy": [],
            "master_auth": [
              {
                "client_certificate": "",
                "client_certificate_config": [
                  {
                    "issue_client_certificate": false
                  }
                ],
                "client_key": "",
                "cluster_ca_certificate": "LS0tLS1CRUdJTiBDRVJUSUZJQ0FURS0tLS0tCk1JSUVMVENDQXBXZ0F3SUJBZ0lSQUpTaFBnOGNsU1dGRForRExoSXlRN2N3RFFZSktvWklodmNOQVFFTEJRQXcKTHpFdE1Dc0dBMVVFQXhNa05tWTBaVEEzTURJdE9HRmpaUzAwTURKaExXSmlNMk10TldKaFkyRTVZemxqTWpRNApNQ0FYRFRJME1EVXhOakExTlRJMU4xb1lEekl3TlRRd05UQTVNRFkxTWpVM1dqQXZNUzB3S3dZRFZRUURFeVEyClpqUmxNRGN3TWkwNFlXTmxMVFF3TW1FdFltSXpZeTAxWW1GallUbGpPV015TkRnd2dnR2lNQTBHQ1NxR1NJYjMKRFFFQkFRVUFBNElCandBd2dnR0tBb0lCZ1FDdmRKYkVCdkorS1VHdlRTU1hpcUowTHg3ZW1ZT3FzcUdvTTFVNQphcXNWMWU5L290YlQzMDVET1QwbThQdHdHTUR6VUpKVkZDd2xva3I0ZXpEWDM1dEFTYzEzSEJxK3hBd1FlR2dJCnRxYnlGT05IdUtrVDY3bFdOVlpXTDNnNVgzOWN6WGppaWwyb2tjeTRBOVZNdVpZSjhyc0xwbWw1Y05BOENBVFoKZjU0NXBTRWoxRjVoYkg2MFNucTZ6N25nNDl1WWI4YnZoUFpuTmZSUEZLVUUvNUpKNlZCc2s5NXp0VzhQMVZTSApDT2NWMmpXL0JIa2taV0hEeFZPUzkzTUMydHJSemN1RUVzUGJIWG5LTDhaRUR4SU1HZGN3aG5OS3JBd3BpL25QCk40SlVFZ3Rld282YnBtTC91TE04L0NPY09lYlpPOVdWeXhxS0w2UW5sNFdGL2ZuL1JhU0NjN053blFGTXhERWYKL1NRblVIYktsSHRiUVJOUHY4cHFlYjE4UXRoYTlOZGxyaEptQXBaeGFXMnNiSVYvTUx5ZnlZbEZRc3pvRGVlQwpOU2QwczgrYUhlYWtLT3pRanZVUU1kQWx2Z1IzV1lZdUJJNFo2eU84TG1KVFlKMUtISmVMVTg0dHFnYUJEM0VTCmpCWUFEUW5BRW92WkNvZnovNmdnWCthazJWTUNBd0VBQWFOQ01FQXdEZ1lEVlIwUEFRSC9CQVFEQWdJRU1BOEcKQTFVZEV3RUIvd1FGTUFNQkFmOHdIUVlEVlIwT0JCWUVGRWc4bExsOWFGTHdnYkhlSUZpR1pOelVvZ1Z2TUEwRwpDU3FHU0liM0RRRUJDd1VBQTRJQmdRQWRVRDhFbmpCdDI0dEwwSUhOZXJsV3BReXNvaWxXN1Z1MVdmcWpHc3dDCi8zWEVDQUcvSUpjNlN6TG5xWnpxay9DTHVXMi94eUxNRFR4YkdRS2drWjIwckIyQWw2Wk5ENC9hdDJiMjNpbU8KV0k2aktWNVFuK0pEcVNGZHhhQ2FjQy9iTGNQcGIwRnNlWXowVkpEeHBHd2JUUWRBS3FRSEFBYVFoNTRONDk4dwpqZUF6MVdJeE9HdjlmbjhaM1VxSFZXQU9JUWU1T3lTZWxnQWhRL2Z1T1BSQ25iN3g4TnBBTXg5WlFDU3JZc2g4ClNtVUhNR0RHdEpzMjQxQWp1THN0bDJCS2VHcFZQc0l5TWFVYTlNcS9wRG9RUzMxYjduQWZmWmxxR1JJQTZCRWsKUDI5dnVlTkJQU2s1V1Z5R3k5STkyVWRMeEcyQ1cxVkJGaG9jdXhqK0VET09TZW1XZ1NKMDRBNjFZUitacmVjMApEb2JTeWVUYUhvOXNONUJ4elF0Z25ub3VpOW5lR1Vyc0kxUWJYSVllcWFhNDdzWUREUjNqUFAxRDBvcE9kYXdVCjM5bEdOTE5pQnRzUHV5UlA4MDNYTGdDQUU0VjQ5Qyt5V2xhT1VvWmY4aHRUSkFBN2Y2U0o1UkZ6RVczN2Y2bHQKU2RsMjVETk5YSWhvNzlsblVhRGN4RlE9Ci0tLS0tRU5EIENFUlRJRklDQVRFLS0tLS0K"
              }
            ],
            "master_authorized_networks_config": [],
            "master_version": "1.28.7-gke.1026000",
            "mesh_certificates": [],
            "min_master_version": null,
            "monitoring_config": [
              {
                "enable_components": [
                  "SYSTEM_COMPONENTS"
                ],
                "managed_prometheus": [
                  {
                    "enabled": true
                  }
                ]
              }
            ],
            "monitoring_service": "monitoring.googleapis.com/kubernetes",
            "name": "main",
            "network": "projects/perceptive-bay-209210/global/networks/default",
            "network_policy": [
              {
                "enabled": false,
                "provider": "PROVIDER_UNSPECIFIED"
              }
            ],
            "networking_mode": "ROUTES",
            "node_config": [
              {
                "boot_disk_kms_key": "",
                "disk_size_gb": 100,
                "disk_type": "pd-balanced",
                "gcfs_config": [],
                "guest_accelerator": [],
                "gvnic": [],
                "image_type": "COS_CONTAINERD",
                "kubelet_config": [],
                "labels": {},
                "linux_node_config": [],
                "local_ssd_count": 0,
                "logging_variant": "DEFAULT",
                "machine_type": "g1-small",
                "metadata": {
                  "disable-legacy-endpoints": "true"
                },
                "min_cpu_platform": "",
                "node_group": "",
                "oauth_scopes": [
                  "https://www.googleapis.com/auth/devstorage.read_only",
                  "https://www.googleapis.com/auth/logging.write",
                  "https://www.googleapis.com/auth/monitoring",
                  "https://www.googleapis.com/auth/service.management.readonly",
                  "https://www.googleapis.com/auth/servicecontrol",
                  "https://www.googleapis.com/auth/trace.append"
                ],
                "preemptible": false,
                "reservation_affinity": [],
                "resource_labels": {},
                "service_account": "default",
                "shielded_instance_config": [
                  {
                    "enable_integrity_monitoring": true,
                    "enable_secure_boot": false
                  }
                ],
                "spot": false,
                "tags": [],
                "taint": [],
                "workload_metadata_config": [
                  {
                    "mode": "GKE_METADATA"
                  }
                ]
              }
            ],
            "node_locations": [],
            "node_pool": [
              {
                "autoscaling": [],
                "initial_node_count": 1,
                "instance_group_urls": [
                  "https://www.googleapis.com/compute/v1/projects/perceptive-bay-209210/zones/us-central1-c/instanceGroupManagers/gke-main-main-e5cf47e2-grp"
                ],
                "managed_instance_group_urls": [
                  "https://www.googleapis.com/compute/v1/projects/perceptive-bay-209210/zones/us-central1-c/instanceGroups/gke-main-main-e5cf47e2-grp"
                ],
                "management": [
                  {
                    "auto_repair": true,
                    "auto_upgrade": true
                  }
                ],
                "max_pods_per_node": 0,
                "name": "main",
                "name_prefix": "",
                "network_config": [
                  {
                    "create_pod_range": false,
                    "enable_private_nodes": false,
                    "pod_ipv4_cidr_block": "",
                    "pod_range": ""
                  }
                ],
                "node_config": [
                  {
                    "boot_disk_kms_key": "",
                    "disk_size_gb": 100,
                    "disk_type": "pd-balanced",
                    "gcfs_config": [],
                    "guest_accelerator": [],
                    "gvnic": [],
                    "image_type": "COS_CONTAINERD",
                    "kubelet_config": [],
                    "labels": {},
                    "linux_node_config": [],
                    "local_ssd_count": 0,
                    "logging_variant": "DEFAULT",
                    "machine_type": "g1-small",
                    "metadata": {
                      "disable-legacy-endpoints": "true"
                    },
                    "min_cpu_platform": "",
                    "node_group": "",
                    "oauth_scopes": [
                      "https://www.googleapis.com/auth/devstorage.read_only",
                      "https://www.googleapis.com/auth/logging.write",
                      "https://www.googleapis.com/auth/monitoring",
                      "https://www.googleapis.com/auth/service.management.readonly",
                      "https://www.googleapis.com/auth/servicecontrol",
                      "https://www.googleapis.com/auth/trace.append"
                    ],
                    "preemptible": false,
                    "reservation_affinity": [],
                    "resource_labels": {},
                    "service_account": "default",
                    "shielded_instance_config": [
                      {
                        "enable_integrity_monitoring": true,
                        "enable_secure_boot": false
                      }
                    ],
                    "spot": false,
                    "tags": [],
                    "taint": [],
                    "workload_metadata_config": [
                      {
                        "mode": "GKE_METADATA"
                      }
                    ]
                  }
                ],
                "node_count": 1,
                "node_locations": [
                  "us-central1-c"
                ],
                "placement_policy": [],
                "upgrade_settings": [
                  {
                    "blue_green_settings": [],
                    "max_surge": 1,
                    "max_unavailable": 0,
                    "strategy": "SURGE"
                  }
                ],
                "version": "1.28.7-gke.1026000"
              }
            ],
            "node_pool_defaults": [
              {
                "node_config_defaults": [
                  {
                    "logging_variant": "DEFAULT"
                  }
                ]
              }
            ],
            "node_version": "1.28.7-gke.1026000",
            "notification_config": [
              {
                "pubsub": [
                  {
                    "enabled": false,
                    "filter": [],
                    "topic": ""
                  }
                ]
              }
            ],
            "operation": null,
            "private_cluster_config": [
              {
                "enable_private_endpoint": false,
                "enable_private_nodes": false,
                "master_global_access_config": [
                  {
                    "enabled": false
                  }
                ],
                "master_ipv4_cidr_block": "",
                "peering_name": "",
                "private_endpoint": "10.128.0.18",
                "private_endpoint_subnetwork": "",
                "public_endpoint": "34.132.230.120"
              }
            ],
            "private_ipv6_google_access": "",
            "project": "perceptive-bay-209210",
            "release_channel": [
              {
                "channel": "REGULAR"
              }
            ],
            "remove_default_node_pool": null,
            "resource_labels": {},
            "resource_usage_export_config": [],
            "self_link": "https://container.googleapis.com/v1/projects/perceptive-bay-209210/zones/us-central1-c/clusters/main",
            "service_external_ips_config": [
              {
                "enabled": false
              }
            ],
            "services_ipv4_cidr": "10.3.240.0/20",
            "subnetwork": "projects/perceptive-bay-209210/regions/us-central1/subnetworks/default",
            "tpu_ipv4_cidr_block": "",
            "vertical_pod_autoscaling": [],
            "workload_identity_config": [
              {
                "workload_pool": "perceptive-bay-209210.svc.id.goog"
              }
            ]
          },
          "sensitive_attributes": []
        }
      ]
    },
    {
      "module": "module.tls_private_key",
      "mode": "managed",
      "type": "tls_private_key",
      "name": "this",
      "provider": "provider[\"registry.terraform.io/hashicorp/tls\"]",
      "instances": [
        {
          "schema_version": 1,
          "attributes": {
            "algorithm": "RSA",
            "ecdsa_curve": "P256",
            "id": "bafe898aa35b707e660cc5a2625b4b38d591093d",
            "private_key_openssh": "-----BEGIN OPENSSH PRIVATE KEY-----\nb3BlbnNzaC1rZXktdjEAAAAABG5vbmUAAAAEbm9uZQAAAAAAAAABAAABFwAAAAdz\nc2gtcnNhAAAAAwEAAQAAAQEAtwvyMEE/2N5cgN9g1rJQR5jlQtH3+X1BtAZO1QJf\n/O196zlgD4G/p7AP8BTzokbw/tjhfBppDuLYfWrogth911psYIhvZxnw4v0HT2zV\nMTJ84fsjQkbStf4lydYmzyJl2vTI57lXwkMDLOUQYbCCXca1kv78EdEi6xSoMFdH\nuRjGorr//Fk8MZD7zB5pq2fMMrmzaDZeLuS2Hd2ZgeuiUEw4YNiKzyTkSZPsja6g\nHgP54htB1y2067b/0ovRa2QqqdIPfHCL/RhlNzt14kfg1oveiXCN8Aaav5+q93iz\nVS6jhWwQ+LlMHGLFUnz61Q4MGEk70ZGFKonVYMaoFJCSLwAAA7gEZ+kwBGfpMAAA\nAAdzc2gtcnNhAAABAQC3C/IwQT/Y3lyA32DWslBHmOVC0ff5fUG0Bk7VAl/87X3r\nOWAPgb+nsA/wFPOiRvD+2OF8GmkO4th9auiC2H3XWmxgiG9nGfDi/QdPbNUxMnzh\n+yNCRtK1/iXJ1ibPImXa9MjnuVfCQwMs5RBhsIJdxrWS/vwR0SLrFKgwV0e5GMai\nuv/8WTwxkPvMHmmrZ8wyubNoNl4u5LYd3ZmB66JQTDhg2IrPJORJk+yNrqAeA/ni\nG0HXLbTrtv/Si9FrZCqp0g98cIv9GGU3O3XiR+DWi96JcI3wBpq/n6r3eLNVLqOF\nbBD4uUwcYsVSfPrVDgwYSTvRkYUqidVgxqgUkJIvAAAAAwEAAQAAAQEAmbeSfyuM\nbpbtn9v2+tVrzXR8swyY7g9eKcxST1dbPJBEelEIdn1DcZLND5TItLJWl+2SDiIv\nr6yYmVo6QAeGRl9NPBPXWgHS5QwQI4cF0fbQIQZBqdrIAMWY/lK07KW6W5HNVau0\nIxMbi4whoagVEqNYwEUZcezrIfeK9m2Vcb4LFIBJa/4uUQNvEpCLk2g2Y+gZboMe\nX9MLajIbUe5CVVDn3uJf63prCtuDNZqUI2ZvpdQ8/x2sRUGbN5bjMv+GTrngKLWx\nbaAWjDC8CPvKCrDZ9/R4NyzIg9aDbP1LyTuYQZ8c5ybw614Pn78CUC32npox5iie\nH3RgMqeX9UaiIQAAAIAsiPk4fViRXewqQkK07P+ncjvWNCobCQFkjYGhZRvZk3Ea\n9x8tuKKdQl7BV0EzY1EKYnJsWkl2emrHdwArKW5jXVd2BP0Q6/wfoIF6Cp4cRNey\nmjWrYVX1g6EYtAZcFyODGQIBinjNR6m5h+r+Dj4luNTLXhi8Z2C6ZXPkzdey9gAA\nAIEA8J6i2HWgyMY6QR6ew2hDjUZh3CBo1AVof3/NYAqHZucKvgWt4dkv4nBJ/hoG\nMBXSzlv2OhZIfEo33P7ynalVJ1W7Vi90LVO2hwPxDwm0MyMG8qMiuAJl3e/Tkoe3\ndyX/ihlxk3oMjrQ38yBgUQAZ1u8pS4HzQw19uhj6uNgenWsAAACBAMK/N8aRrmlW\nrZAiloZfLouPj+BBSclVl+vVihY1M9+0Qpa7M0x69eN6VJoH+gkTZkame39y7H+/\nexPmI4sfgQGDYmZOURw0ROEG9LORtRl0p5mZ/U7ecNQagT82uVx0NxMIxjIS++O0\nt5SG7Ks/6ybxaiMaj47mbVMVmT1XDutNAAAAAAEC\n-----END OPENSSH PRIVATE KEY-----\n",
            "private_key_pem": "-----BEGIN RSA PRIVATE KEY-----\nMIIEowIBAAKCAQEAtwvyMEE/2N5cgN9g1rJQR5jlQtH3+X1BtAZO1QJf/O196zlg\nD4G/p7AP8BTzokbw/tjhfBppDuLYfWrogth911psYIhvZxnw4v0HT2zVMTJ84fsj\nQkbStf4lydYmzyJl2vTI57lXwkMDLOUQYbCCXca1kv78EdEi6xSoMFdHuRjGorr/\n/Fk8MZD7zB5pq2fMMrmzaDZeLuS2Hd2ZgeuiUEw4YNiKzyTkSZPsja6gHgP54htB\n1y2067b/0ovRa2QqqdIPfHCL/RhlNzt14kfg1oveiXCN8Aaav5+q93izVS6jhWwQ\n+LlMHGLFUnz61Q4MGEk70ZGFKonVYMaoFJCSLwIDAQABAoIBAQCZt5J/K4xulu2f\n2/b61WvNdHyzDJjuD14pzFJPV1s8kER6UQh2fUNxks0PlMi0slaX7ZIOIi+vrJiZ\nWjpAB4ZGX008E9daAdLlDBAjhwXR9tAhBkGp2sgAxZj+UrTspbpbkc1Vq7QjExuL\njCGhqBUSo1jARRlx7Osh94r2bZVxvgsUgElr/i5RA28SkIuTaDZj6Blugx5f0wtq\nMhtR7kJVUOfe4l/remsK24M1mpQjZm+l1Dz/HaxFQZs3luMy/4ZOueAotbFtoBaM\nMLwI+8oKsNn39Hg3LMiD1oNs/UvJO5hBnxznJvDrXg+fvwJQLfaemjHmKJ4fdGAy\np5f1RqIhAoGBAPCeoth1oMjGOkEensNoQ41GYdwgaNQFaH9/zWAKh2bnCr4FreHZ\nL+JwSf4aBjAV0s5b9joWSHxKN9z+8p2pVSdVu1YvdC1TtocD8Q8JtDMjBvKjIrgC\nZd3v05KHt3cl/4oZcZN6DI60N/MgYFEAGdbvKUuB80MNfboY+rjYHp1rAoGBAMK/\nN8aRrmlWrZAiloZfLouPj+BBSclVl+vVihY1M9+0Qpa7M0x69eN6VJoH+gkTZkam\ne39y7H+/exPmI4sfgQGDYmZOURw0ROEG9LORtRl0p5mZ/U7ecNQagT82uVx0NxMI\nxjIS++O0t5SG7Ks/6ybxaiMaj47mbVMVmT1XDutNAoGAX1wvY6Pyjb9p1OcCuqS2\nqOWs4OWDRgvCp00KIrbphJGqQzbS+7/sZ0xjNq4vp5zuh9QQWGL+ZSuwygfMNUmn\nssgaT4TNAS29F/Mq9O++l8mY9k5K8ywYHQXwDpF012aayKtexLjJA0FPLy60nUVx\n+CmebwtYUkmlezxtGRalw3MCgYAiV6AZVzVfhBaFVWQf/Ab0O3POwxSk+YAZ6YU5\nV1Z3e41GkWqBcSmNXNQweXmhQheGG/OpTPXhrT2iC7J25S5VuvqOOf9Zrun6mMRs\nKiS6gXTQxHQEBXv2G1pxcFANury/kYuJ5wkeZY7+FTEFHfd03Zuu5w8rzvy2axej\n1odd/QKBgCyI+Th9WJFd7CpCQrTs/6dyO9Y0KhsJAWSNgaFlG9mTcRr3Hy24op1C\nXsFXQTNjUQpicmxaSXZ6asd3ACspbmNdV3YE/RDr/B+ggXoKnhxE17KaNathVfWD\noRi0BlwXI4MZAgGKeM1HqbmH6v4OPiW41MteGLxnYLplc+TN17L2\n-----END RSA PRIVATE KEY-----\n",
            "private_key_pem_pkcs8": "-----BEGIN PRIVATE KEY-----\nMIIEvQIBADANBgkqhkiG9w0BAQEFAASCBKcwggSjAgEAAoIBAQC3C/IwQT/Y3lyA\n32DWslBHmOVC0ff5fUG0Bk7VAl/87X3rOWAPgb+nsA/wFPOiRvD+2OF8GmkO4th9\nauiC2H3XWmxgiG9nGfDi/QdPbNUxMnzh+yNCRtK1/iXJ1ibPImXa9MjnuVfCQwMs\n5RBhsIJdxrWS/vwR0SLrFKgwV0e5GMaiuv/8WTwxkPvMHmmrZ8wyubNoNl4u5LYd\n3ZmB66JQTDhg2IrPJORJk+yNrqAeA/niG0HXLbTrtv/Si9FrZCqp0g98cIv9GGU3\nO3XiR+DWi96JcI3wBpq/n6r3eLNVLqOFbBD4uUwcYsVSfPrVDgwYSTvRkYUqidVg\nxqgUkJIvAgMBAAECggEBAJm3kn8rjG6W7Z/b9vrVa810fLMMmO4PXinMUk9XWzyQ\nRHpRCHZ9Q3GSzQ+UyLSyVpftkg4iL6+smJlaOkAHhkZfTTwT11oB0uUMECOHBdH2\n0CEGQanayADFmP5StOyluluRzVWrtCMTG4uMIaGoFRKjWMBFGXHs6yH3ivZtlXG+\nCxSASWv+LlEDbxKQi5NoNmPoGW6DHl/TC2oyG1HuQlVQ597iX+t6awrbgzWalCNm\nb6XUPP8drEVBmzeW4zL/hk654Ci1sW2gFowwvAj7ygqw2ff0eDcsyIPWg2z9S8k7\nmEGfHOcm8OteD5+/AlAt9p6aMeYonh90YDKnl/VGoiECgYEA8J6i2HWgyMY6QR6e\nw2hDjUZh3CBo1AVof3/NYAqHZucKvgWt4dkv4nBJ/hoGMBXSzlv2OhZIfEo33P7y\nnalVJ1W7Vi90LVO2hwPxDwm0MyMG8qMiuAJl3e/Tkoe3dyX/ihlxk3oMjrQ38yBg\nUQAZ1u8pS4HzQw19uhj6uNgenWsCgYEAwr83xpGuaVatkCKWhl8ui4+P4EFJyVWX\n69WKFjUz37RClrszTHr143pUmgf6CRNmRqZ7f3Lsf797E+Yjix+BAYNiZk5RHDRE\n4Qb0s5G1GXSnmZn9Tt5w1BqBPza5XHQ3EwjGMhL747S3lIbsqz/rJvFqIxqPjuZt\nUxWZPVcO600CgYBfXC9jo/KNv2nU5wK6pLao5azg5YNGC8KnTQoitumEkapDNtL7\nv+xnTGM2ri+nnO6H1BBYYv5lK7DKB8w1SaeyyBpPhM0BLb0X8yr0776XyZj2Tkrz\nLBgdBfAOkXTXZprIq17EuMkDQU8vLrSdRXH4KZ5vC1hSSaV7PG0ZFqXDcwKBgCJX\noBlXNV+EFoVVZB/8BvQ7c87DFKT5gBnphTlXVnd7jUaRaoFxKY1c1DB5eaFCF4Yb\n86lM9eGtPaILsnblLlW6+o45/1mu6fqYxGwqJLqBdNDEdAQFe/YbWnFwUA26vL+R\ni4nnCR5ljv4VMQUd93Tdm67nDyvO/LZrF6PWh139AoGALIj5OH1YkV3sKkJCtOz/\np3I71jQqGwkBZI2BoWUb2ZNxGvcfLbiinUJewVdBM2NRCmJybFpJdnpqx3cAKylu\nY11XdgT9EOv8H6CBegqeHETXspo1q2FV9YOhGLQGXBcjgxkCAYp4zUepuYfq/g4+\nJbjUy14YvGdgumVz5M3XsvY=\n-----END PRIVATE KEY-----\n",
            "public_key_fingerprint_md5": "a5:e7:8e:ab:32:0e:12:06:50:0f:31:1d:9e:18:4d:d8",
            "public_key_fingerprint_sha256": "SHA256:GfMir+IMIQEZr5nnvXtFDP3EELaAE1h/077eEi3AkcQ",
            "public_key_openssh": "ssh-rsa AAAAB3NzaC1yc2EAAAADAQABAAABAQC3C/IwQT/Y3lyA32DWslBHmOVC0ff5fUG0Bk7VAl/87X3rOWAPgb+nsA/wFPOiRvD+2OF8GmkO4th9auiC2H3XWmxgiG9nGfDi/QdPbNUxMnzh+yNCRtK1/iXJ1ibPImXa9MjnuVfCQwMs5RBhsIJdxrWS/vwR0SLrFKgwV0e5GMaiuv/8WTwxkPvMHmmrZ8wyubNoNl4u5LYd3ZmB66JQTDhg2IrPJORJk+yNrqAeA/niG0HXLbTrtv/Si9FrZCqp0g98cIv9GGU3O3XiR+DWi96JcI3wBpq/n6r3eLNVLqOFbBD4uUwcYsVSfPrVDgwYSTvRkYUqidVgxqgUkJIv\n",
            "public_key_pem": "-----BEGIN PUBLIC KEY-----\nMIIBIjANBgkqhkiG9w0BAQEFAAOCAQ8AMIIBCgKCAQEAtwvyMEE/2N5cgN9g1rJQ\nR5jlQtH3+X1BtAZO1QJf/O196zlgD4G/p7AP8BTzokbw/tjhfBppDuLYfWrogth9\n11psYIhvZxnw4v0HT2zVMTJ84fsjQkbStf4lydYmzyJl2vTI57lXwkMDLOUQYbCC\nXca1kv78EdEi6xSoMFdHuRjGorr//Fk8MZD7zB5pq2fMMrmzaDZeLuS2Hd2Zgeui\nUEw4YNiKzyTkSZPsja6gHgP54htB1y2067b/0ovRa2QqqdIPfHCL/RhlNzt14kfg\n1oveiXCN8Aaav5+q93izVS6jhWwQ+LlMHGLFUnz61Q4MGEk70ZGFKonVYMaoFJCS\nLwIDAQAB\n-----END PUBLIC KEY-----\n",
            "rsa_bits": 2048
          },
          "sensitive_attributes": []
        }
      ]
    }
  ],
  "check_results": null
}
