{
  "version": 4,
  "terraform_version": "1.5.7",
  "serial": 25,
  "lineage": "d5e5babc-ae3b-1f52-bd2d-ea588d5f0a63",
  "outputs": {},
  "resources": [
    {
      "module": "module.github_repository",
      "mode": "managed",
      "type": "github_repository",
      "name": "this",
      "provider": "module.github_repository.provider[\"registry.terraform.io/integrations/github\"]",
      "instances": [
        {
          "schema_version": 1,
          "attributes": {
            "allow_auto_merge": false,
            "allow_merge_commit": true,
            "allow_rebase_merge": true,
            "allow_squash_merge": true,
            "allow_update_branch": false,
            "archive_on_destroy": null,
            "archived": false,
            "auto_init": true,
            "default_branch": "main",
            "delete_branch_on_merge": false,
            "description": "",
            "etag": "W/\"9b4d0b03eeaf472c9176c47652706a5748a50a7768e86b43d835cc8fe5a6d81f\"",
            "full_name": "balu1000/flux-gitops",
            "git_clone_url": "git://github.com/balu1000/flux-gitops.git",
            "gitignore_template": null,
            "has_discussions": false,
            "has_downloads": false,
            "has_issues": false,
            "has_projects": false,
            "has_wiki": false,
            "homepage_url": "",
            "html_url": "https://github.com/balu1000/flux-gitops",
            "http_clone_url": "https://github.com/balu1000/flux-gitops.git",
            "id": "flux-gitops",
            "ignore_vulnerability_alerts_during_read": null,
            "is_template": false,
            "license_template": null,
            "merge_commit_message": "PR_TITLE",
            "merge_commit_title": "MERGE_MESSAGE",
            "name": "flux-gitops",
            "node_id": "R_kgDOL8Y4aA",
            "pages": [],
            "primary_language": "",
            "private": true,
            "repo_id": 801519720,
            "security_and_analysis": [],
            "squash_merge_commit_message": "COMMIT_MESSAGES",
            "squash_merge_commit_title": "COMMIT_OR_PR_TITLE",
            "ssh_clone_url": "git@github.com:balu1000/flux-gitops.git",
            "svn_url": "https://github.com/balu1000/flux-gitops",
            "template": [],
            "topics": [],
            "visibility": "private",
            "vulnerability_alerts": false,
            "web_commit_signoff_required": false
          },
          "sensitive_attributes": [],
          "private": "eyJzY2hlbWFfdmVyc2lvbiI6IjEifQ=="
        }
      ]
    },
    {
      "module": "module.github_repository",
      "mode": "managed",
      "type": "github_repository_deploy_key",
      "name": "this",
      "provider": "module.github_repository.provider[\"registry.terraform.io/integrations/github\"]",
      "instances": [
        {
          "schema_version": 0,
          "attributes": {
            "etag": "W/\"4aab8c9e2252609485286e6fe073eec7d5983248784f0f900e84d83b9d1a23db\"",
            "id": "flux-gitops:99881649",
            "key": "ssh-rsa AAAAB3NzaC1yc2EAAAADAQABAAABAQDsi2jesqMs0XzX+x1EKOc1t/JC6hVG+KrZ8ke6Zr9/EJNjI8PRoxNoVrCtschimtqpGd5sv95ByHLJWIorXSzxGgItcyLFOxZh/McYq50a4tWSrBxJeEqnBK46htMAnEgFr/W27U12DiG7+/bGFEJVAlavOzwURyedSDYPIJB83KLFNufthdvToTMVFGd1k1GlQwHIPwb9e+572G14HauQJXTdy3QmT4vufOGVLBvPgnXnpYMsaLN8AzRRZVKzUs2wNTf6TqtGZbWZrfpSF1XcdfYHsCXVaKVFzuZVnuzpgi4c78EQgJGhy8A/jnrtzN0/qndvY1T+lJViu8oUeLy1",
            "read_only": false,
            "repository": "flux-gitops",
            "title": "flux0"
          },
          "sensitive_attributes": [
            [
              {
                "type": "get_attr",
                "value": "key"
              }
            ]
          ],
          "private": "bnVsbA==",
          "dependencies": [
            "module.github_repository.github_repository.this",
            "module.tls_private_key.tls_private_key.this"
          ]
        }
      ]
    },
    {
      "module": "module.gke_cluster",
      "mode": "managed",
      "type": "google_container_cluster",
      "name": "this",
      "provider": "module.gke_cluster.provider[\"registry.terraform.io/hashicorp/google\"]",
      "instances": [
        {
          "schema_version": 1,
          "attributes": {
            "addons_config": [
              {
                "cloudrun_config": [],
                "config_connector_config": [],
                "dns_cache_config": [],
                "gce_persistent_disk_csi_driver_config": [
                  {
                    "enabled": true
                  }
                ],
                "gcp_filestore_csi_driver_config": [],
                "gke_backup_agent_config": [],
                "horizontal_pod_autoscaling": [],
                "http_load_balancing": [],
                "network_policy_config": [
                  {
                    "disabled": true
                  }
                ]
              }
            ],
            "authenticator_groups_config": [],
            "binary_authorization": [
              {
                "enabled": false,
                "evaluation_mode": ""
              }
            ],
            "cluster_autoscaling": [
              {
                "auto_provisioning_defaults": [],
                "enabled": false,
                "resource_limits": []
              }
            ],
            "cluster_ipv4_cidr": "10.0.0.0/14",
            "confidential_nodes": [],
            "cost_management_config": [],
            "database_encryption": [
              {
                "key_name": "",
                "state": "DECRYPTED"
              }
            ],
            "datapath_provider": "",
            "default_max_pods_per_node": null,
            "default_snat_status": [
              {
                "disabled": false
              }
            ],
            "description": "",
            "dns_config": [],
            "enable_autopilot": false,
            "enable_binary_authorization": false,
            "enable_intranode_visibility": false,
            "enable_kubernetes_alpha": false,
            "enable_l4_ilb_subsetting": false,
            "enable_legacy_abac": false,
            "enable_shielded_nodes": true,
            "enable_tpu": false,
            "endpoint": "34.133.236.145",
            "gateway_api_config": [],
            "id": "projects/perceptive-bay-209210/locations/us-central1-c/clusters/main",
            "initial_node_count": 1,
            "ip_allocation_policy": [],
            "label_fingerprint": "a9dc16a7",
            "location": "us-central1-c",
            "logging_config": [
              {
                "enable_components": [
                  "SYSTEM_COMPONENTS",
                  "WORKLOADS"
                ]
              }
            ],
            "logging_service": "logging.googleapis.com/kubernetes",
            "maintenance_policy": [],
            "master_auth": [
              {
                "client_certificate": "",
                "client_certificate_config": [
                  {
                    "issue_client_certificate": false
                  }
                ],
                "client_key": "",
                "cluster_ca_certificate": "LS0tLS1CRUdJTiBDRVJUSUZJQ0FURS0tLS0tCk1JSUVMRENDQXBTZ0F3SUJBZ0lRWFpMMStBc2piSXc4WTR5UmdmUDUzVEFOQmdrcWhraUc5dzBCQVFzRkFEQXYKTVMwd0t3WURWUVFERXlRME9XWXlaalZoT0MweFlqQTBMVFEyTmpRdE9XTmpNeTA1WlRVeVpUa3lZell5T0dZdwpJQmNOTWpRd05URTJNVEEwTlRBNVdoZ1BNakExTkRBMU1Ea3hNVFExTURsYU1DOHhMVEFyQmdOVkJBTVRKRFE1ClpqSm1OV0U0TFRGaU1EUXRORFkyTkMwNVkyTXpMVGxsTlRKbE9USmpOakk0WmpDQ0FhSXdEUVlKS29aSWh2Y04KQVFFQkJRQURnZ0dQQURDQ0FZb0NnZ0dCQUtIWDI0Vmw5aHlJUFI2Mk1pdzVuOURzV3JrclcrcFUyQmtsWWF5YgpYY0I0aWVOOTRKVmxWamRJcGhwMjU5d3FmbmdCblhxZmR5YlQ5cDZmUTZXT21RQlVHdEcyWjBkaGhUWlNUMjN4CkxVTjRDemcwdk9lTVpETE1KdCtLZzc4OWtLclp6b2VpU3luTWljS0dST2tmWkNtMDR1ZTJ5bk1sb0ViZEx2N24Ka0x4emp4aG9oZHU3WXdzK1F4ZDhvTHk3UHNid0xKSWUzdFU4Y250SmJnZTdXQ1hsZ2cvUnZZYW5iTmozc3ZldQpvMU1haUQ5VENhVWNjR2pCa3hPckkxQ090QXBDSXJWaXRQbEpPZ0ZVVE5XTFZ2U3F4bjk2U0ZaMTFmQ2NEcC9rCmV0M1F5aENRWHVzSnltcEFjbGh4eW05UWRCNkszUVY5bit4Tk9NWXdUYVg0NW02QWc2WUZyc1g5dHZLT3YzQUEKK21hSElaWitHY0FwWVQxVlcrb1VZWUJrT2lmOWhvZ21iT2Nwb1VlZ0xtWk1hMXJZK01lOURzRWhaREE4T1FaNwpzTUJENWNsUUtEOVJJMnZyeXZ2Nk50cjNFelc2V1NGWUx0MkJnUjJ4ZHRmTWNGb0pUZUhRWm4wUVRaR1ZpMEVhCllVblVHRkFOM0R0NGtDb011VWRMS01KdlhRSURBUUFCbzBJd1FEQU9CZ05WSFE4QkFmOEVCQU1DQWdRd0R3WUQKVlIwVEFRSC9CQVV3QXdFQi96QWRCZ05WSFE0RUZnUVVaUEJBT3VBaWI4aHBWZ2JsQ0o4RmxaMDRIRmd3RFFZSgpLb1pJaHZjTkFRRUxCUUFEZ2dHQkFIcXdiTysyWVF4cWFGdW9DTEZHUXVSRzVnelE2aXdIVzBaNUowNmUrRWpiClRNaXRSVEVRTCtXV29QSDRvWVFBenJtbCt4aUovZ0VHWTRBV0I5ZFo2RlFqaDNFWXBVcTRsajd2ckh2dU5SdisKNTI2Skk0aHVFaSt0QmhZWWtXdGhRajhud2NreVIxc1R3eXBOdVk1UC9VVFJQNEYvZzJ6TjBveFFiRUtlb3A3SwpONExmd3I3Z3RqdWVPekE5TzNpWmFJL0lvS25xSG9UY3FXZW13alhDbUhhdXkxcDI1Q3hYN2RDNkxPdzN5cUNyCjV0cFRBR3dpTGxBenNsU2IwL1BsYmIrTjhabGlOd2lDdlQ5NC8yRmxyYWhFY0RCOSt6cnFjQUg3d1Y1c1k4TksKc0lEakZZekhjdjgySkZFemlRNWVBVWpTNThPZmRmMVE1NFN5YmRMM1FYU0kwOXJ5NjJWb01JTGdGUUxFWUdySgoyNEZuMzdwZTRNQlZuc2dmUmFjbEp2M0pxTFo3K3B0SjJzVXdTbkg0SlBmL2RoazRDdmZzR0Erc3lYYlU3bnJtCmNkWGt4R1FqajBDUk8ydURKY0dFZHVGQXFDSlZMSkNlZDZJRXlCQk1vOTYwMnp4SExKUDlmc2JmVlRkTm5iZDgKUDgrV1RFbGFyVkl0cHZ4Mi8vbmtPdz09Ci0tLS0tRU5EIENFUlRJRklDQVRFLS0tLS0K"
              }
            ],
            "master_authorized_networks_config": [],
            "master_version": "1.28.7-gke.1026000",
            "mesh_certificates": [],
            "min_master_version": null,
            "monitoring_config": [
              {
                "enable_components": [
                  "SYSTEM_COMPONENTS"
                ],
                "managed_prometheus": [
                  {
                    "enabled": true
                  }
                ]
              }
            ],
            "monitoring_service": "monitoring.googleapis.com/kubernetes",
            "name": "main",
            "network": "projects/perceptive-bay-209210/global/networks/default",
            "network_policy": [
              {
                "enabled": false,
                "provider": "PROVIDER_UNSPECIFIED"
              }
            ],
            "networking_mode": "ROUTES",
            "node_config": [
              {
                "boot_disk_kms_key": "",
                "disk_size_gb": 100,
                "disk_type": "pd-balanced",
                "gcfs_config": [],
                "guest_accelerator": [],
                "gvnic": [],
                "image_type": "COS_CONTAINERD",
                "kubelet_config": [],
                "labels": {},
                "linux_node_config": [],
                "local_ssd_count": 0,
                "logging_variant": "DEFAULT",
                "machine_type": "g1-small",
                "metadata": {
                  "disable-legacy-endpoints": "true"
                },
                "min_cpu_platform": "",
                "node_group": "",
                "oauth_scopes": [
                  "https://www.googleapis.com/auth/devstorage.read_only",
                  "https://www.googleapis.com/auth/logging.write",
                  "https://www.googleapis.com/auth/monitoring",
                  "https://www.googleapis.com/auth/service.management.readonly",
                  "https://www.googleapis.com/auth/servicecontrol",
                  "https://www.googleapis.com/auth/trace.append"
                ],
                "preemptible": false,
                "reservation_affinity": [],
                "resource_labels": {},
                "service_account": "default",
                "shielded_instance_config": [
                  {
                    "enable_integrity_monitoring": true,
                    "enable_secure_boot": false
                  }
                ],
                "spot": false,
                "tags": [],
                "taint": [],
                "workload_metadata_config": [
                  {
                    "mode": "GKE_METADATA"
                  }
                ]
              }
            ],
            "node_locations": [],
            "node_pool": [
              {
                "autoscaling": [],
                "initial_node_count": 1,
                "instance_group_urls": [
                  "https://www.googleapis.com/compute/v1/projects/perceptive-bay-209210/zones/us-central1-c/instanceGroupManagers/gke-main-main-6319b8c8-grp"
                ],
                "managed_instance_group_urls": [
                  "https://www.googleapis.com/compute/v1/projects/perceptive-bay-209210/zones/us-central1-c/instanceGroups/gke-main-main-6319b8c8-grp"
                ],
                "management": [
                  {
                    "auto_repair": true,
                    "auto_upgrade": true
                  }
                ],
                "max_pods_per_node": 0,
                "name": "main",
                "name_prefix": "",
                "network_config": [
                  {
                    "create_pod_range": false,
                    "enable_private_nodes": false,
                    "pod_ipv4_cidr_block": "",
                    "pod_range": ""
                  }
                ],
                "node_config": [
                  {
                    "boot_disk_kms_key": "",
                    "disk_size_gb": 100,
                    "disk_type": "pd-balanced",
                    "gcfs_config": [],
                    "guest_accelerator": [],
                    "gvnic": [],
                    "image_type": "COS_CONTAINERD",
                    "kubelet_config": [],
                    "labels": {},
                    "linux_node_config": [],
                    "local_ssd_count": 0,
                    "logging_variant": "DEFAULT",
                    "machine_type": "g1-small",
                    "metadata": {
                      "disable-legacy-endpoints": "true"
                    },
                    "min_cpu_platform": "",
                    "node_group": "",
                    "oauth_scopes": [
                      "https://www.googleapis.com/auth/devstorage.read_only",
                      "https://www.googleapis.com/auth/logging.write",
                      "https://www.googleapis.com/auth/monitoring",
                      "https://www.googleapis.com/auth/service.management.readonly",
                      "https://www.googleapis.com/auth/servicecontrol",
                      "https://www.googleapis.com/auth/trace.append"
                    ],
                    "preemptible": false,
                    "reservation_affinity": [],
                    "resource_labels": {},
                    "service_account": "default",
                    "shielded_instance_config": [
                      {
                        "enable_integrity_monitoring": true,
                        "enable_secure_boot": false
                      }
                    ],
                    "spot": false,
                    "tags": [],
                    "taint": [],
                    "workload_metadata_config": [
                      {
                        "mode": "GKE_METADATA"
                      }
                    ]
                  }
                ],
                "node_count": 1,
                "node_locations": [
                  "us-central1-c"
                ],
                "placement_policy": [],
                "upgrade_settings": [
                  {
                    "blue_green_settings": [],
                    "max_surge": 1,
                    "max_unavailable": 0,
                    "strategy": "SURGE"
                  }
                ],
                "version": "1.28.7-gke.1026000"
              }
            ],
            "node_pool_defaults": [
              {
                "node_config_defaults": [
                  {
                    "logging_variant": "DEFAULT"
                  }
                ]
              }
            ],
            "node_version": "1.28.7-gke.1026000",
            "notification_config": [
              {
                "pubsub": [
                  {
                    "enabled": false,
                    "filter": [],
                    "topic": ""
                  }
                ]
              }
            ],
            "operation": null,
            "private_cluster_config": [
              {
                "enable_private_endpoint": false,
                "enable_private_nodes": false,
                "master_global_access_config": [
                  {
                    "enabled": false
                  }
                ],
                "master_ipv4_cidr_block": "",
                "peering_name": "",
                "private_endpoint": "10.128.0.21",
                "private_endpoint_subnetwork": "",
                "public_endpoint": "34.133.236.145"
              }
            ],
            "private_ipv6_google_access": "",
            "project": "perceptive-bay-209210",
            "release_channel": [
              {
                "channel": "REGULAR"
              }
            ],
            "remove_default_node_pool": true,
            "resource_labels": {},
            "resource_usage_export_config": [],
            "self_link": "https://container.googleapis.com/v1/projects/perceptive-bay-209210/zones/us-central1-c/clusters/main",
            "service_external_ips_config": [
              {
                "enabled": false
              }
            ],
            "services_ipv4_cidr": "10.3.240.0/20",
            "subnetwork": "projects/perceptive-bay-209210/regions/us-central1/subnetworks/default",
            "timeouts": null,
            "tpu_ipv4_cidr_block": "",
            "vertical_pod_autoscaling": [],
            "workload_identity_config": [
              {
                "workload_pool": "perceptive-bay-209210.svc.id.goog"
              }
            ]
          },
          "sensitive_attributes": [],
          "private": "eyJlMmJmYjczMC1lY2FhLTExZTYtOGY4OC0zNDM2M2JjN2M0YzAiOnsiY3JlYXRlIjoyNDAwMDAwMDAwMDAwLCJkZWxldGUiOjI0MDAwMDAwMDAwMDAsInJlYWQiOjI0MDAwMDAwMDAwMDAsInVwZGF0ZSI6MzYwMDAwMDAwMDAwMH0sInNjaGVtYV92ZXJzaW9uIjoiMSJ9"
        }
      ]
    },
    {
      "module": "module.gke_cluster",
      "mode": "managed",
      "type": "google_container_node_pool",
      "name": "this",
      "provider": "module.gke_cluster.provider[\"registry.terraform.io/hashicorp/google\"]",
      "instances": [
        {
          "schema_version": 1,
          "attributes": {
            "autoscaling": [],
            "cluster": "main",
            "id": "projects/perceptive-bay-209210/locations/us-central1-c/clusters/main/nodePools/main",
            "initial_node_count": 1,
            "instance_group_urls": [
              "https://www.googleapis.com/compute/v1/projects/perceptive-bay-209210/zones/us-central1-c/instanceGroupManagers/gke-main-main-6319b8c8-grp"
            ],
            "location": "us-central1-c",
            "managed_instance_group_urls": [
              "https://www.googleapis.com/compute/v1/projects/perceptive-bay-209210/zones/us-central1-c/instanceGroups/gke-main-main-6319b8c8-grp"
            ],
            "management": [
              {
                "auto_repair": true,
                "auto_upgrade": true
              }
            ],
            "max_pods_per_node": null,
            "name": "main",
            "name_prefix": "",
            "network_config": [
              {
                "create_pod_range": false,
                "enable_private_nodes": false,
                "pod_ipv4_cidr_block": "",
                "pod_range": ""
              }
            ],
            "node_config": [
              {
                "boot_disk_kms_key": "",
                "disk_size_gb": 100,
                "disk_type": "pd-balanced",
                "gcfs_config": [],
                "guest_accelerator": [],
                "gvnic": [],
                "image_type": "COS_CONTAINERD",
                "kubelet_config": [],
                "labels": {},
                "linux_node_config": [],
                "local_ssd_count": 0,
                "logging_variant": "DEFAULT",
                "machine_type": "g1-small",
                "metadata": {
                  "disable-legacy-endpoints": "true"
                },
                "min_cpu_platform": "",
                "node_group": "",
                "oauth_scopes": [
                  "https://www.googleapis.com/auth/devstorage.read_only",
                  "https://www.googleapis.com/auth/logging.write",
                  "https://www.googleapis.com/auth/monitoring",
                  "https://www.googleapis.com/auth/service.management.readonly",
                  "https://www.googleapis.com/auth/servicecontrol",
                  "https://www.googleapis.com/auth/trace.append"
                ],
                "preemptible": false,
                "reservation_affinity": [],
                "resource_labels": {},
                "service_account": "default",
                "shielded_instance_config": [
                  {
                    "enable_integrity_monitoring": true,
                    "enable_secure_boot": false
                  }
                ],
                "spot": false,
                "tags": [],
                "taint": [],
                "workload_metadata_config": [
                  {
                    "mode": "GKE_METADATA"
                  }
                ]
              }
            ],
            "node_count": 1,
            "node_locations": [
              "us-central1-c"
            ],
            "operation": null,
            "placement_policy": [],
            "project": "perceptive-bay-209210",
            "timeouts": null,
            "upgrade_settings": [
              {
                "blue_green_settings": [],
                "max_surge": 1,
                "max_unavailable": 0,
                "strategy": "SURGE"
              }
            ],
            "version": "1.28.7-gke.1026000"
          },
          "sensitive_attributes": [],
          "private": "eyJlMmJmYjczMC1lY2FhLTExZTYtOGY4OC0zNDM2M2JjN2M0YzAiOnsiY3JlYXRlIjoxODAwMDAwMDAwMDAwLCJkZWxldGUiOjE4MDAwMDAwMDAwMDAsInVwZGF0ZSI6MTgwMDAwMDAwMDAwMH0sInNjaGVtYV92ZXJzaW9uIjoiMSJ9",
          "dependencies": [
            "module.gke_cluster.google_container_cluster.this"
          ]
        }
      ]
    },
    {
      "module": "module.gke_cluster",
      "mode": "managed",
      "type": "local_file",
      "name": "kubeconfig",
      "provider": "provider[\"registry.terraform.io/hashicorp/local\"]",
      "instances": [
        {
          "schema_version": 0,
          "attributes": {
            "content": "apiVersion: v1\nclusters:\n- cluster:\n    certificate-authority-data: LS0tLS1CRUdJTiBDRVJUSUZJQ0FURS0tLS0tCk1JSUVMRENDQXBTZ0F3SUJBZ0lRWFpMMStBc2piSXc4WTR5UmdmUDUzVEFOQmdrcWhraUc5dzBCQVFzRkFEQXYKTVMwd0t3WURWUVFERXlRME9XWXlaalZoT0MweFlqQTBMVFEyTmpRdE9XTmpNeTA1WlRVeVpUa3lZell5T0dZdwpJQmNOTWpRd05URTJNVEEwTlRBNVdoZ1BNakExTkRBMU1Ea3hNVFExTURsYU1DOHhMVEFyQmdOVkJBTVRKRFE1ClpqSm1OV0U0TFRGaU1EUXRORFkyTkMwNVkyTXpMVGxsTlRKbE9USmpOakk0WmpDQ0FhSXdEUVlKS29aSWh2Y04KQVFFQkJRQURnZ0dQQURDQ0FZb0NnZ0dCQUtIWDI0Vmw5aHlJUFI2Mk1pdzVuOURzV3JrclcrcFUyQmtsWWF5YgpYY0I0aWVOOTRKVmxWamRJcGhwMjU5d3FmbmdCblhxZmR5YlQ5cDZmUTZXT21RQlVHdEcyWjBkaGhUWlNUMjN4CkxVTjRDemcwdk9lTVpETE1KdCtLZzc4OWtLclp6b2VpU3luTWljS0dST2tmWkNtMDR1ZTJ5bk1sb0ViZEx2N24Ka0x4emp4aG9oZHU3WXdzK1F4ZDhvTHk3UHNid0xKSWUzdFU4Y250SmJnZTdXQ1hsZ2cvUnZZYW5iTmozc3ZldQpvMU1haUQ5VENhVWNjR2pCa3hPckkxQ090QXBDSXJWaXRQbEpPZ0ZVVE5XTFZ2U3F4bjk2U0ZaMTFmQ2NEcC9rCmV0M1F5aENRWHVzSnltcEFjbGh4eW05UWRCNkszUVY5bit4Tk9NWXdUYVg0NW02QWc2WUZyc1g5dHZLT3YzQUEKK21hSElaWitHY0FwWVQxVlcrb1VZWUJrT2lmOWhvZ21iT2Nwb1VlZ0xtWk1hMXJZK01lOURzRWhaREE4T1FaNwpzTUJENWNsUUtEOVJJMnZyeXZ2Nk50cjNFelc2V1NGWUx0MkJnUjJ4ZHRmTWNGb0pUZUhRWm4wUVRaR1ZpMEVhCllVblVHRkFOM0R0NGtDb011VWRMS01KdlhRSURBUUFCbzBJd1FEQU9CZ05WSFE4QkFmOEVCQU1DQWdRd0R3WUQKVlIwVEFRSC9CQVV3QXdFQi96QWRCZ05WSFE0RUZnUVVaUEJBT3VBaWI4aHBWZ2JsQ0o4RmxaMDRIRmd3RFFZSgpLb1pJaHZjTkFRRUxCUUFEZ2dHQkFIcXdiTysyWVF4cWFGdW9DTEZHUXVSRzVnelE2aXdIVzBaNUowNmUrRWpiClRNaXRSVEVRTCtXV29QSDRvWVFBenJtbCt4aUovZ0VHWTRBV0I5ZFo2RlFqaDNFWXBVcTRsajd2ckh2dU5SdisKNTI2Skk0aHVFaSt0QmhZWWtXdGhRajhud2NreVIxc1R3eXBOdVk1UC9VVFJQNEYvZzJ6TjBveFFiRUtlb3A3SwpONExmd3I3Z3RqdWVPekE5TzNpWmFJL0lvS25xSG9UY3FXZW13alhDbUhhdXkxcDI1Q3hYN2RDNkxPdzN5cUNyCjV0cFRBR3dpTGxBenNsU2IwL1BsYmIrTjhabGlOd2lDdlQ5NC8yRmxyYWhFY0RCOSt6cnFjQUg3d1Y1c1k4TksKc0lEakZZekhjdjgySkZFemlRNWVBVWpTNThPZmRmMVE1NFN5YmRMM1FYU0kwOXJ5NjJWb01JTGdGUUxFWUdySgoyNEZuMzdwZTRNQlZuc2dmUmFjbEp2M0pxTFo3K3B0SjJzVXdTbkg0SlBmL2RoazRDdmZzR0Erc3lYYlU3bnJtCmNkWGt4R1FqajBDUk8ydURKY0dFZHVGQXFDSlZMSkNlZDZJRXlCQk1vOTYwMnp4SExKUDlmc2JmVlRkTm5iZDgKUDgrV1RFbGFyVkl0cHZ4Mi8vbmtPdz09Ci0tLS0tRU5EIENFUlRJRklDQVRFLS0tLS0K\n    server: https://34.133.236.145\n  name: main\ncontexts:\n- context:\n    cluster: main\n    user: main\n  name: main\ncurrent-context: main\nkind: Config\npreferences: {}\nusers:\n- name: main\n  user:\n    token: ya29.a0AXooCgvXQivTtVU10d9skKzE9w551Awnv4VVOPPCcMCwvMluDh0dHr2n4AnrbieQjzKpEGP3zNSe9F9T6CDjDRibmWC58Y7ItiT1Fb0GoOWVeLy6m8-MA-nVEdUhD-YWuHkKXsOcrNmpbc5XUl_zzMb0r94fgGQQaB0JGkyxip_7gX5ZJwc6ksjCLMJpwDyzgyeZiEP3Jfx7tX5vHrnv8VjX1iLG_pVfo6HFc92Rx4Ujq5A_iEWxeYhJ8eWQWZfZUVLThjnVnMN2K-0vBJrQVM5PWUBleyZhveLvWvuAxgY8af83uZCP4OnXx0aoq2Lh0HhYi1Oi9vbu71VNOOxNyiCl9EWPnx_urWOF-HhNpEpegSrF96FQCdrCzKtgBX8l-xgvFwb5on57stiLTzRcFykD_J7WJc2V1waCgYKAVoSARISFQHGX2MiAJRU-iSN-gOhZg8CFUK4gA0425\n",
            "content_base64": null,
            "content_base64sha256": "y52QxTJsi8pwVtdH47Jjt8w9px/UIYG82uoH+ieRu48=",
            "content_base64sha512": "D0hT0cVJaIcogA+zxxtFh04efFHScC/FAlgr2NceB7tEOibDiv6iz+c1myViEMYRCWzyjGWRuOVtalq8YbWiow==",
            "content_md5": "905363c9696174c1c81dcae413d4c42f",
            "content_sha1": "4439344cf329e0259fa1716700fae97a55883f79",
            "content_sha256": "cb9d90c5326c8bca7056d747e3b263b7cc3da71fd42181bcdaea07fa2791bb8f",
            "content_sha512": "0f4853d1c549688728800fb3c71b45874e1e7c51d2702fc502582bd8d71e07bb443a26c38afea2cfe7359b256210c611096cf28c6591b8e56d6a5abc61b5a2a3",
            "directory_permission": "0777",
            "file_permission": "0400",
            "filename": "modules/google-gke-cluster/kubeconfig",
            "id": "4439344cf329e0259fa1716700fae97a55883f79",
            "sensitive_content": null,
            "source": null
          },
          "sensitive_attributes": [
            [
              {
                "type": "get_attr",
                "value": "content"
              }
            ]
          ],
          "dependencies": [
            "module.gke_cluster.google_container_cluster.this",
            "module.gke_cluster.module.gke_auth.data.google_client_config.provider",
            "module.gke_cluster.module.gke_auth.data.google_container_cluster.gke_cluster"
          ]
        }
      ]
    },
    {
      "module": "module.gke_cluster.module.gke_auth",
      "mode": "data",
      "type": "google_client_config",
      "name": "provider",
      "provider": "module.gke_cluster.provider[\"registry.terraform.io/hashicorp/google\"]",
      "instances": [
        {
          "schema_version": 0,
          "attributes": {
            "access_token": "ya29.a0AXooCgvXQivTtVU10d9skKzE9w551Awnv4VVOPPCcMCwvMluDh0dHr2n4AnrbieQjzKpEGP3zNSe9F9T6CDjDRibmWC58Y7ItiT1Fb0GoOWVeLy6m8-MA-nVEdUhD-YWuHkKXsOcrNmpbc5XUl_zzMb0r94fgGQQaB0JGkyxip_7gX5ZJwc6ksjCLMJpwDyzgyeZiEP3Jfx7tX5vHrnv8VjX1iLG_pVfo6HFc92Rx4Ujq5A_iEWxeYhJ8eWQWZfZUVLThjnVnMN2K-0vBJrQVM5PWUBleyZhveLvWvuAxgY8af83uZCP4OnXx0aoq2Lh0HhYi1Oi9vbu71VNOOxNyiCl9EWPnx_urWOF-HhNpEpegSrF96FQCdrCzKtgBX8l-xgvFwb5on57stiLTzRcFykD_J7WJc2V1waCgYKAVoSARISFQHGX2MiAJRU-iSN-gOhZg8CFUK4gA0425",
            "id": "projects/perceptive-bay-209210/regions/us-central1-c/zones/",
            "project": "perceptive-bay-209210",
            "region": "us-central1-c",
            "zone": ""
          },
          "sensitive_attributes": []
        }
      ]
    },
    {
      "module": "module.gke_cluster.module.gke_auth",
      "mode": "data",
      "type": "google_container_cluster",
      "name": "gke_cluster",
      "provider": "module.gke_cluster.provider[\"registry.terraform.io/hashicorp/google\"]",
      "instances": [
        {
          "schema_version": 0,
          "attributes": {
            "addons_config": [
              {
                "cloudrun_config": [],
                "config_connector_config": [],
                "dns_cache_config": [],
                "gce_persistent_disk_csi_driver_config": [
                  {
                    "enabled": true
                  }
                ],
                "gcp_filestore_csi_driver_config": [],
                "gke_backup_agent_config": [],
                "horizontal_pod_autoscaling": [],
                "http_load_balancing": [],
                "network_policy_config": [
                  {
                    "disabled": true
                  }
                ]
              }
            ],
            "authenticator_groups_config": [],
            "binary_authorization": [
              {
                "enabled": false,
                "evaluation_mode": ""
              }
            ],
            "cluster_autoscaling": [
              {
                "auto_provisioning_defaults": [],
                "enabled": false,
                "resource_limits": []
              }
            ],
            "cluster_ipv4_cidr": "10.0.0.0/14",
            "confidential_nodes": [],
            "cost_management_config": [],
            "database_encryption": [
              {
                "key_name": "",
                "state": "DECRYPTED"
              }
            ],
            "datapath_provider": "",
            "default_max_pods_per_node": null,
            "default_snat_status": [
              {
                "disabled": false
              }
            ],
            "description": "",
            "dns_config": [],
            "enable_autopilot": false,
            "enable_binary_authorization": false,
            "enable_intranode_visibility": false,
            "enable_kubernetes_alpha": false,
            "enable_l4_ilb_subsetting": false,
            "enable_legacy_abac": false,
            "enable_shielded_nodes": true,
            "enable_tpu": false,
            "endpoint": "34.133.236.145",
            "gateway_api_config": [],
            "id": "projects/perceptive-bay-209210/locations/us-central1-c/clusters/main",
            "initial_node_count": 1,
            "ip_allocation_policy": [],
            "label_fingerprint": "a9dc16a7",
            "location": "us-central1-c",
            "logging_config": [
              {
                "enable_components": [
                  "SYSTEM_COMPONENTS",
                  "WORKLOADS"
                ]
              }
            ],
            "logging_service": "logging.googleapis.com/kubernetes",
            "maintenance_policy": [],
            "master_auth": [
              {
                "client_certificate": "",
                "client_certificate_config": [
                  {
                    "issue_client_certificate": false
                  }
                ],
                "client_key": "",
                "cluster_ca_certificate": "LS0tLS1CRUdJTiBDRVJUSUZJQ0FURS0tLS0tCk1JSUVMRENDQXBTZ0F3SUJBZ0lRWFpMMStBc2piSXc4WTR5UmdmUDUzVEFOQmdrcWhraUc5dzBCQVFzRkFEQXYKTVMwd0t3WURWUVFERXlRME9XWXlaalZoT0MweFlqQTBMVFEyTmpRdE9XTmpNeTA1WlRVeVpUa3lZell5T0dZdwpJQmNOTWpRd05URTJNVEEwTlRBNVdoZ1BNakExTkRBMU1Ea3hNVFExTURsYU1DOHhMVEFyQmdOVkJBTVRKRFE1ClpqSm1OV0U0TFRGaU1EUXRORFkyTkMwNVkyTXpMVGxsTlRKbE9USmpOakk0WmpDQ0FhSXdEUVlKS29aSWh2Y04KQVFFQkJRQURnZ0dQQURDQ0FZb0NnZ0dCQUtIWDI0Vmw5aHlJUFI2Mk1pdzVuOURzV3JrclcrcFUyQmtsWWF5YgpYY0I0aWVOOTRKVmxWamRJcGhwMjU5d3FmbmdCblhxZmR5YlQ5cDZmUTZXT21RQlVHdEcyWjBkaGhUWlNUMjN4CkxVTjRDemcwdk9lTVpETE1KdCtLZzc4OWtLclp6b2VpU3luTWljS0dST2tmWkNtMDR1ZTJ5bk1sb0ViZEx2N24Ka0x4emp4aG9oZHU3WXdzK1F4ZDhvTHk3UHNid0xKSWUzdFU4Y250SmJnZTdXQ1hsZ2cvUnZZYW5iTmozc3ZldQpvMU1haUQ5VENhVWNjR2pCa3hPckkxQ090QXBDSXJWaXRQbEpPZ0ZVVE5XTFZ2U3F4bjk2U0ZaMTFmQ2NEcC9rCmV0M1F5aENRWHVzSnltcEFjbGh4eW05UWRCNkszUVY5bit4Tk9NWXdUYVg0NW02QWc2WUZyc1g5dHZLT3YzQUEKK21hSElaWitHY0FwWVQxVlcrb1VZWUJrT2lmOWhvZ21iT2Nwb1VlZ0xtWk1hMXJZK01lOURzRWhaREE4T1FaNwpzTUJENWNsUUtEOVJJMnZyeXZ2Nk50cjNFelc2V1NGWUx0MkJnUjJ4ZHRmTWNGb0pUZUhRWm4wUVRaR1ZpMEVhCllVblVHRkFOM0R0NGtDb011VWRMS01KdlhRSURBUUFCbzBJd1FEQU9CZ05WSFE4QkFmOEVCQU1DQWdRd0R3WUQKVlIwVEFRSC9CQVV3QXdFQi96QWRCZ05WSFE0RUZnUVVaUEJBT3VBaWI4aHBWZ2JsQ0o4RmxaMDRIRmd3RFFZSgpLb1pJaHZjTkFRRUxCUUFEZ2dHQkFIcXdiTysyWVF4cWFGdW9DTEZHUXVSRzVnelE2aXdIVzBaNUowNmUrRWpiClRNaXRSVEVRTCtXV29QSDRvWVFBenJtbCt4aUovZ0VHWTRBV0I5ZFo2RlFqaDNFWXBVcTRsajd2ckh2dU5SdisKNTI2Skk0aHVFaSt0QmhZWWtXdGhRajhud2NreVIxc1R3eXBOdVk1UC9VVFJQNEYvZzJ6TjBveFFiRUtlb3A3SwpONExmd3I3Z3RqdWVPekE5TzNpWmFJL0lvS25xSG9UY3FXZW13alhDbUhhdXkxcDI1Q3hYN2RDNkxPdzN5cUNyCjV0cFRBR3dpTGxBenNsU2IwL1BsYmIrTjhabGlOd2lDdlQ5NC8yRmxyYWhFY0RCOSt6cnFjQUg3d1Y1c1k4TksKc0lEakZZekhjdjgySkZFemlRNWVBVWpTNThPZmRmMVE1NFN5YmRMM1FYU0kwOXJ5NjJWb01JTGdGUUxFWUdySgoyNEZuMzdwZTRNQlZuc2dmUmFjbEp2M0pxTFo3K3B0SjJzVXdTbkg0SlBmL2RoazRDdmZzR0Erc3lYYlU3bnJtCmNkWGt4R1FqajBDUk8ydURKY0dFZHVGQXFDSlZMSkNlZDZJRXlCQk1vOTYwMnp4SExKUDlmc2JmVlRkTm5iZDgKUDgrV1RFbGFyVkl0cHZ4Mi8vbmtPdz09Ci0tLS0tRU5EIENFUlRJRklDQVRFLS0tLS0K"
              }
            ],
            "master_authorized_networks_config": [],
            "master_version": "1.28.7-gke.1026000",
            "mesh_certificates": [],
            "min_master_version": null,
            "monitoring_config": [
              {
                "enable_components": [
                  "SYSTEM_COMPONENTS"
                ],
                "managed_prometheus": [
                  {
                    "enabled": true
                  }
                ]
              }
            ],
            "monitoring_service": "monitoring.googleapis.com/kubernetes",
            "name": "main",
            "network": "projects/perceptive-bay-209210/global/networks/default",
            "network_policy": [
              {
                "enabled": false,
                "provider": "PROVIDER_UNSPECIFIED"
              }
            ],
            "networking_mode": "ROUTES",
            "node_config": [
              {
                "boot_disk_kms_key": "",
                "disk_size_gb": 100,
                "disk_type": "pd-balanced",
                "gcfs_config": [],
                "guest_accelerator": [],
                "gvnic": [],
                "image_type": "COS_CONTAINERD",
                "kubelet_config": [],
                "labels": {},
                "linux_node_config": [],
                "local_ssd_count": 0,
                "logging_variant": "DEFAULT",
                "machine_type": "g1-small",
                "metadata": {
                  "disable-legacy-endpoints": "true"
                },
                "min_cpu_platform": "",
                "node_group": "",
                "oauth_scopes": [
                  "https://www.googleapis.com/auth/devstorage.read_only",
                  "https://www.googleapis.com/auth/logging.write",
                  "https://www.googleapis.com/auth/monitoring",
                  "https://www.googleapis.com/auth/service.management.readonly",
                  "https://www.googleapis.com/auth/servicecontrol",
                  "https://www.googleapis.com/auth/trace.append"
                ],
                "preemptible": false,
                "reservation_affinity": [],
                "resource_labels": {},
                "service_account": "default",
                "shielded_instance_config": [
                  {
                    "enable_integrity_monitoring": true,
                    "enable_secure_boot": false
                  }
                ],
                "spot": false,
                "tags": [],
                "taint": [],
                "workload_metadata_config": [
                  {
                    "mode": "GKE_METADATA"
                  }
                ]
              }
            ],
            "node_locations": [],
            "node_pool": [
              {
                "autoscaling": [],
                "initial_node_count": 1,
                "instance_group_urls": [
                  "https://www.googleapis.com/compute/v1/projects/perceptive-bay-209210/zones/us-central1-c/instanceGroupManagers/gke-main-main-6319b8c8-grp"
                ],
                "managed_instance_group_urls": [
                  "https://www.googleapis.com/compute/v1/projects/perceptive-bay-209210/zones/us-central1-c/instanceGroups/gke-main-main-6319b8c8-grp"
                ],
                "management": [
                  {
                    "auto_repair": true,
                    "auto_upgrade": true
                  }
                ],
                "max_pods_per_node": 0,
                "name": "main",
                "name_prefix": "",
                "network_config": [
                  {
                    "create_pod_range": false,
                    "enable_private_nodes": false,
                    "pod_ipv4_cidr_block": "",
                    "pod_range": ""
                  }
                ],
                "node_config": [
                  {
                    "boot_disk_kms_key": "",
                    "disk_size_gb": 100,
                    "disk_type": "pd-balanced",
                    "gcfs_config": [],
                    "guest_accelerator": [],
                    "gvnic": [],
                    "image_type": "COS_CONTAINERD",
                    "kubelet_config": [],
                    "labels": {},
                    "linux_node_config": [],
                    "local_ssd_count": 0,
                    "logging_variant": "DEFAULT",
                    "machine_type": "g1-small",
                    "metadata": {
                      "disable-legacy-endpoints": "true"
                    },
                    "min_cpu_platform": "",
                    "node_group": "",
                    "oauth_scopes": [
                      "https://www.googleapis.com/auth/devstorage.read_only",
                      "https://www.googleapis.com/auth/logging.write",
                      "https://www.googleapis.com/auth/monitoring",
                      "https://www.googleapis.com/auth/service.management.readonly",
                      "https://www.googleapis.com/auth/servicecontrol",
                      "https://www.googleapis.com/auth/trace.append"
                    ],
                    "preemptible": false,
                    "reservation_affinity": [],
                    "resource_labels": {},
                    "service_account": "default",
                    "shielded_instance_config": [
                      {
                        "enable_integrity_monitoring": true,
                        "enable_secure_boot": false
                      }
                    ],
                    "spot": false,
                    "tags": [],
                    "taint": [],
                    "workload_metadata_config": [
                      {
                        "mode": "GKE_METADATA"
                      }
                    ]
                  }
                ],
                "node_count": 1,
                "node_locations": [
                  "us-central1-c"
                ],
                "placement_policy": [],
                "upgrade_settings": [
                  {
                    "blue_green_settings": [],
                    "max_surge": 1,
                    "max_unavailable": 0,
                    "strategy": "SURGE"
                  }
                ],
                "version": "1.28.7-gke.1026000"
              }
            ],
            "node_pool_defaults": [
              {
                "node_config_defaults": [
                  {
                    "logging_variant": "DEFAULT"
                  }
                ]
              }
            ],
            "node_version": "1.28.7-gke.1026000",
            "notification_config": [
              {
                "pubsub": [
                  {
                    "enabled": false,
                    "filter": [],
                    "topic": ""
                  }
                ]
              }
            ],
            "operation": null,
            "private_cluster_config": [
              {
                "enable_private_endpoint": false,
                "enable_private_nodes": false,
                "master_global_access_config": [
                  {
                    "enabled": false
                  }
                ],
                "master_ipv4_cidr_block": "",
                "peering_name": "",
                "private_endpoint": "10.128.0.21",
                "private_endpoint_subnetwork": "",
                "public_endpoint": "34.133.236.145"
              }
            ],
            "private_ipv6_google_access": "",
            "project": "perceptive-bay-209210",
            "release_channel": [
              {
                "channel": "REGULAR"
              }
            ],
            "remove_default_node_pool": null,
            "resource_labels": {},
            "resource_usage_export_config": [],
            "self_link": "https://container.googleapis.com/v1/projects/perceptive-bay-209210/zones/us-central1-c/clusters/main",
            "service_external_ips_config": [
              {
                "enabled": false
              }
            ],
            "services_ipv4_cidr": "10.3.240.0/20",
            "subnetwork": "projects/perceptive-bay-209210/regions/us-central1/subnetworks/default",
            "tpu_ipv4_cidr_block": "",
            "vertical_pod_autoscaling": [],
            "workload_identity_config": [
              {
                "workload_pool": "perceptive-bay-209210.svc.id.goog"
              }
            ]
          },
          "sensitive_attributes": []
        }
      ]
    },
    {
      "module": "module.tls_private_key",
      "mode": "managed",
      "type": "tls_private_key",
      "name": "this",
      "provider": "provider[\"registry.terraform.io/hashicorp/tls\"]",
      "instances": [
        {
          "schema_version": 1,
          "attributes": {
            "algorithm": "RSA",
            "ecdsa_curve": "P256",
            "id": "68a9f67400a91c6e29f86f83cee24f4f8b3c5810",
            "private_key_openssh": "-----BEGIN OPENSSH PRIVATE KEY-----\nb3BlbnNzaC1rZXktdjEAAAAABG5vbmUAAAAEbm9uZQAAAAAAAAABAAABFwAAAAdz\nc2gtcnNhAAAAAwEAAQAAAQEA7Ito3rKjLNF81/sdRCjnNbfyQuoVRviq2fJHuma/\nfxCTYyPD0aMTaFawrbHIYpraqRnebL/eQchyyViKK10s8RoCLXMixTsWYfzHGKud\nGuLVkqwcSXhKpwSuOobTAJxIBa/1tu1Ndg4hu/v2xhRCVQJWrzs8FEcnnUg2DyCQ\nfNyixTbn7YXb06EzFRRndZNRpUMByD8G/Xvue9hteB2rkCV03ct0Jk+L7nzhlSwb\nz4J156WDLGizfAM0UWVSs1LNsDU3+k6rRmW1ma36UhdV3HX2B7Al1WilRc7mVZ7s\n6YIuHO/BEICRocvAP4567czdP6p3b2NU/pSVYrvKFHi8tQAAA7gzhm6lM4ZupQAA\nAAdzc2gtcnNhAAABAQDsi2jesqMs0XzX+x1EKOc1t/JC6hVG+KrZ8ke6Zr9/EJNj\nI8PRoxNoVrCtschimtqpGd5sv95ByHLJWIorXSzxGgItcyLFOxZh/McYq50a4tWS\nrBxJeEqnBK46htMAnEgFr/W27U12DiG7+/bGFEJVAlavOzwURyedSDYPIJB83KLF\nNufthdvToTMVFGd1k1GlQwHIPwb9e+572G14HauQJXTdy3QmT4vufOGVLBvPgnXn\npYMsaLN8AzRRZVKzUs2wNTf6TqtGZbWZrfpSF1XcdfYHsCXVaKVFzuZVnuzpgi4c\n78EQgJGhy8A/jnrtzN0/qndvY1T+lJViu8oUeLy1AAAAAwEAAQAAAQAyCxhnrPFa\npQM9ilHZvrGTqtPlFjLkLe2vaFOGewBeeHpGCiX+bvrHIzgDt04Glm5WQjPNXBZA\nYpDuSf4JSJAeffsh9G7RvTtyBZF1hbEaJA09F45weLOKfDIEDcwMIAQYt+5LAg9W\nP40hgR/nLhgOdg0yy1xdieQ2oTVWo/QNhhQDb6iZ6RyljeU5o4k6jnYU/vtEJrvs\nSyOgR5lTYJDt5Ju0YwvLfYu4lFVf24UKhjor7EB2TDsfT1l0HCE9x5ReK54CMOFt\nNCAgjakjr8yyECK08+wJp0u9jweYPrq98gTZUvFFWDpaRd0By6cr3I/OpXSWLZVd\nEr3hTpuEkT9tAAAAgDq8XXBxHLuOsH/u6nHUzuq82stzfYilLPCalM+xsDZdTiWQ\n/lDx49+DV4L+41foTxcaLOTnkd/FaYbCWK+LAg8x5/Ngx1IPo+awCnbcAbbmzF8K\nXfoA+3Q8K1i2mZ82QgHby2kU6FPmvAfBM79If9aFgmtUVAA8Tr19xZrpnBkJAAAA\ngQDynSAzsnREzQ3DwyAqH5l5UiXA3DOhGJ8BAVHL74F+ofbMwOqnFHk6E35mIALr\nN/BDiC5YwBf1NS2w94mfhJobhf1E1ZvBh87mWPppaWyISGXm6p3JNRZX3Ystqhxa\n/F6HUFsMsVY67vC727SGmmzQAH6JQxIzQmHcT5e7mNtylwAAAIEA+ZiOt78upEB8\nmWha4c8tg2bCL31kJuUoQuJcptVKw11XtYSAV9Cd7XJ8+nKm2yQYAl1HaUzuxE3q\nWDYQjiCeU7V9ryBcqE6wQ9a96VNL6SW1PXS53X4e1ivIERZ7qjGWvW3ryYHnq+/D\nc8UNBphlzNKnvngzJ7SNXMYG9f8nkJMAAAAAAQID\n-----END OPENSSH PRIVATE KEY-----\n",
            "private_key_pem": "-----BEGIN RSA PRIVATE KEY-----\nMIIEogIBAAKCAQEA7Ito3rKjLNF81/sdRCjnNbfyQuoVRviq2fJHuma/fxCTYyPD\n0aMTaFawrbHIYpraqRnebL/eQchyyViKK10s8RoCLXMixTsWYfzHGKudGuLVkqwc\nSXhKpwSuOobTAJxIBa/1tu1Ndg4hu/v2xhRCVQJWrzs8FEcnnUg2DyCQfNyixTbn\n7YXb06EzFRRndZNRpUMByD8G/Xvue9hteB2rkCV03ct0Jk+L7nzhlSwbz4J156WD\nLGizfAM0UWVSs1LNsDU3+k6rRmW1ma36UhdV3HX2B7Al1WilRc7mVZ7s6YIuHO/B\nEICRocvAP4567czdP6p3b2NU/pSVYrvKFHi8tQIDAQABAoIBADILGGes8VqlAz2K\nUdm+sZOq0+UWMuQt7a9oU4Z7AF54ekYKJf5u+scjOAO3TgaWblZCM81cFkBikO5J\n/glIkB59+yH0btG9O3IFkXWFsRokDT0XjnB4s4p8MgQNzAwgBBi37ksCD1Y/jSGB\nH+cuGA52DTLLXF2J5DahNVaj9A2GFANvqJnpHKWN5TmjiTqOdhT++0Qmu+xLI6BH\nmVNgkO3km7RjC8t9i7iUVV/bhQqGOivsQHZMOx9PWXQcIT3HlF4rngIw4W00ICCN\nqSOvzLIQIrTz7AmnS72PB5g+ur3yBNlS8UVYOlpF3QHLpyvcj86ldJYtlV0SveFO\nm4SRP20CgYEA8p0gM7J0RM0Nw8MgKh+ZeVIlwNwzoRifAQFRy++BfqH2zMDqpxR5\nOhN+ZiAC6zfwQ4guWMAX9TUtsPeJn4SaG4X9RNWbwYfO5lj6aWlsiEhl5uqdyTUW\nV92LLaocWvxeh1BbDLFWOu7wu9u0hpps0AB+iUMSM0Jh3E+Xu5jbcpcCgYEA+ZiO\nt78upEB8mWha4c8tg2bCL31kJuUoQuJcptVKw11XtYSAV9Cd7XJ8+nKm2yQYAl1H\naUzuxE3qWDYQjiCeU7V9ryBcqE6wQ9a96VNL6SW1PXS53X4e1ivIERZ7qjGWvW3r\nyYHnq+/Dc8UNBphlzNKnvngzJ7SNXMYG9f8nkJMCgYBstvnyEHpHRjdvzGUCWyyT\nj7r5I/NCsdy2P5gesVEupHcKIzxC6Eq2Onv+WUPVkThpmoFiJZnWuCCkVxflUi8Y\nPD9Uc/+ahjexQpfbWnFW1FJNWj6gJdjAQLcYHE0efE4Dhn92PZTtTZq0I2xOkK5H\nuqD48wQZ0ho19biBSKq1OwKBgGym5ZHFbtdfnx3k2JMt7gEijWvA6QUpgnJDOdQC\nS45qJtFEwd34WZdQ3Gjl2g7RUoZM9tY3AEWCKX6G4oQMXP/RpMnEi7FUt9SAOaHF\neekfWhtLodFyopfW7TvLDsBS3+zMWfUZULF/KRVPdVEmrEISfaUjjBk/tr3pEoSp\nsx5zAoGAOrxdcHEcu46wf+7qcdTO6rzay3N9iKUs8JqUz7GwNl1OJZD+UPHj34NX\ngv7jV+hPFxos5OeR38VphsJYr4sCDzHn82DHUg+j5rAKdtwBtubMXwpd+gD7dDwr\nWLaZnzZCAdvLaRToU+a8B8Ezv0h/1oWCa1RUADxOvX3FmumcGQk=\n-----END RSA PRIVATE KEY-----\n",
            "private_key_pem_pkcs8": "-----BEGIN PRIVATE KEY-----\nMIIEvAIBADANBgkqhkiG9w0BAQEFAASCBKYwggSiAgEAAoIBAQDsi2jesqMs0XzX\n+x1EKOc1t/JC6hVG+KrZ8ke6Zr9/EJNjI8PRoxNoVrCtschimtqpGd5sv95ByHLJ\nWIorXSzxGgItcyLFOxZh/McYq50a4tWSrBxJeEqnBK46htMAnEgFr/W27U12DiG7\n+/bGFEJVAlavOzwURyedSDYPIJB83KLFNufthdvToTMVFGd1k1GlQwHIPwb9e+57\n2G14HauQJXTdy3QmT4vufOGVLBvPgnXnpYMsaLN8AzRRZVKzUs2wNTf6TqtGZbWZ\nrfpSF1XcdfYHsCXVaKVFzuZVnuzpgi4c78EQgJGhy8A/jnrtzN0/qndvY1T+lJVi\nu8oUeLy1AgMBAAECggEAMgsYZ6zxWqUDPYpR2b6xk6rT5RYy5C3tr2hThnsAXnh6\nRgol/m76xyM4A7dOBpZuVkIzzVwWQGKQ7kn+CUiQHn37IfRu0b07cgWRdYWxGiQN\nPReOcHizinwyBA3MDCAEGLfuSwIPVj+NIYEf5y4YDnYNMstcXYnkNqE1VqP0DYYU\nA2+omekcpY3lOaOJOo52FP77RCa77EsjoEeZU2CQ7eSbtGMLy32LuJRVX9uFCoY6\nK+xAdkw7H09ZdBwhPceUXiueAjDhbTQgII2pI6/MshAitPPsCadLvY8HmD66vfIE\n2VLxRVg6WkXdAcunK9yPzqV0li2VXRK94U6bhJE/bQKBgQDynSAzsnREzQ3DwyAq\nH5l5UiXA3DOhGJ8BAVHL74F+ofbMwOqnFHk6E35mIALrN/BDiC5YwBf1NS2w94mf\nhJobhf1E1ZvBh87mWPppaWyISGXm6p3JNRZX3Ystqhxa/F6HUFsMsVY67vC727SG\nmmzQAH6JQxIzQmHcT5e7mNtylwKBgQD5mI63vy6kQHyZaFrhzy2DZsIvfWQm5ShC\n4lym1UrDXVe1hIBX0J3tcnz6cqbbJBgCXUdpTO7ETepYNhCOIJ5TtX2vIFyoTrBD\n1r3pU0vpJbU9dLndfh7WK8gRFnuqMZa9bevJgeer78NzxQ0GmGXM0qe+eDMntI1c\nxgb1/yeQkwKBgGy2+fIQekdGN2/MZQJbLJOPuvkj80Kx3LY/mB6xUS6kdwojPELo\nSrY6e/5ZQ9WROGmagWIlmda4IKRXF+VSLxg8P1Rz/5qGN7FCl9tacVbUUk1aPqAl\n2MBAtxgcTR58TgOGf3Y9lO1NmrQjbE6Qrke6oPjzBBnSGjX1uIFIqrU7AoGAbKbl\nkcVu11+fHeTYky3uASKNa8DpBSmCckM51AJLjmom0UTB3fhZl1DcaOXaDtFShkz2\n1jcARYIpfobihAxc/9GkycSLsVS31IA5ocV56R9aG0uh0XKil9btO8sOwFLf7MxZ\n9RlQsX8pFU91USasQhJ9pSOMGT+2vekShKmzHnMCgYA6vF1wcRy7jrB/7upx1M7q\nvNrLc32IpSzwmpTPsbA2XU4lkP5Q8ePfg1eC/uNX6E8XGizk55HfxWmGwliviwIP\nMefzYMdSD6PmsAp23AG25sxfCl36APt0PCtYtpmfNkIB28tpFOhT5rwHwTO/SH/W\nhYJrVFQAPE69fcWa6ZwZCQ==\n-----END PRIVATE KEY-----\n",
            "public_key_fingerprint_md5": "9a:31:d4:97:f3:bd:12:eb:22:72:61:2e:bf:62:89:c0",
            "public_key_fingerprint_sha256": "SHA256:V06XoCvUXdJn4dR+EgAuVPsb4JlJxsGxKCIGqINkCMs",
            "public_key_openssh": "ssh-rsa AAAAB3NzaC1yc2EAAAADAQABAAABAQDsi2jesqMs0XzX+x1EKOc1t/JC6hVG+KrZ8ke6Zr9/EJNjI8PRoxNoVrCtschimtqpGd5sv95ByHLJWIorXSzxGgItcyLFOxZh/McYq50a4tWSrBxJeEqnBK46htMAnEgFr/W27U12DiG7+/bGFEJVAlavOzwURyedSDYPIJB83KLFNufthdvToTMVFGd1k1GlQwHIPwb9e+572G14HauQJXTdy3QmT4vufOGVLBvPgnXnpYMsaLN8AzRRZVKzUs2wNTf6TqtGZbWZrfpSF1XcdfYHsCXVaKVFzuZVnuzpgi4c78EQgJGhy8A/jnrtzN0/qndvY1T+lJViu8oUeLy1\n",
            "public_key_pem": "-----BEGIN PUBLIC KEY-----\nMIIBIjANBgkqhkiG9w0BAQEFAAOCAQ8AMIIBCgKCAQEA7Ito3rKjLNF81/sdRCjn\nNbfyQuoVRviq2fJHuma/fxCTYyPD0aMTaFawrbHIYpraqRnebL/eQchyyViKK10s\n8RoCLXMixTsWYfzHGKudGuLVkqwcSXhKpwSuOobTAJxIBa/1tu1Ndg4hu/v2xhRC\nVQJWrzs8FEcnnUg2DyCQfNyixTbn7YXb06EzFRRndZNRpUMByD8G/Xvue9hteB2r\nkCV03ct0Jk+L7nzhlSwbz4J156WDLGizfAM0UWVSs1LNsDU3+k6rRmW1ma36UhdV\n3HX2B7Al1WilRc7mVZ7s6YIuHO/BEICRocvAP4567czdP6p3b2NU/pSVYrvKFHi8\ntQIDAQAB\n-----END PUBLIC KEY-----\n",
            "rsa_bits": 2048
          },
          "sensitive_attributes": []
        }
      ]
    }
  ],
  "check_results": null
}
