{
  "version": 4,
  "terraform_version": "1.5.7",
  "serial": 10,
  "lineage": "4bc58a3f-c946-8be5-14c4-d3fd5d48727e",
  "outputs": {},
  "resources": [
    {
      "module": "module.github_repository",
      "mode": "managed",
      "type": "github_repository",
      "name": "this",
      "provider": "module.github_repository.provider[\"registry.terraform.io/integrations/github\"]",
      "instances": [
        {
          "schema_version": 1,
          "attributes": {
            "allow_auto_merge": false,
            "allow_merge_commit": true,
            "allow_rebase_merge": true,
            "allow_squash_merge": true,
            "allow_update_branch": false,
            "archive_on_destroy": null,
            "archived": false,
            "auto_init": true,
            "default_branch": "main",
            "delete_branch_on_merge": false,
            "description": "",
            "etag": "W/\"e2ec9fb63853824248645ef3d2b150341e6938e2351f10f6375e378b169eeabb\"",
            "full_name": "balu1000/flux-gitops",
            "git_clone_url": "git://github.com/balu1000/flux-gitops.git",
            "gitignore_template": null,
            "has_discussions": false,
            "has_downloads": false,
            "has_issues": false,
            "has_projects": false,
            "has_wiki": false,
            "homepage_url": "",
            "html_url": "https://github.com/balu1000/flux-gitops",
            "http_clone_url": "https://github.com/balu1000/flux-gitops.git",
            "id": "flux-gitops",
            "ignore_vulnerability_alerts_during_read": null,
            "is_template": false,
            "license_template": null,
            "merge_commit_message": "PR_TITLE",
            "merge_commit_title": "MERGE_MESSAGE",
            "name": "flux-gitops",
            "node_id": "R_kgDOL8kt3w",
            "pages": [],
            "primary_language": "",
            "private": true,
            "repo_id": 801713631,
            "security_and_analysis": [],
            "squash_merge_commit_message": "COMMIT_MESSAGES",
            "squash_merge_commit_title": "COMMIT_OR_PR_TITLE",
            "ssh_clone_url": "git@github.com:balu1000/flux-gitops.git",
            "svn_url": "https://github.com/balu1000/flux-gitops",
            "template": [],
            "topics": [],
            "visibility": "private",
            "vulnerability_alerts": false,
            "web_commit_signoff_required": false
          },
          "sensitive_attributes": [],
          "private": "eyJzY2hlbWFfdmVyc2lvbiI6IjEifQ=="
        }
      ]
    },
    {
      "module": "module.github_repository",
      "mode": "managed",
      "type": "github_repository_deploy_key",
      "name": "this",
      "provider": "module.github_repository.provider[\"registry.terraform.io/integrations/github\"]",
      "instances": [
        {
          "schema_version": 0,
          "attributes": {
            "etag": "W/\"cd6e961978f0413180acf08616d125d9806dc59a41cb0be32b477d3555c92ee2\"",
            "id": "flux-gitops:99905432",
            "key": "ssh-rsa AAAAB3NzaC1yc2EAAAADAQABAAABAQCplw3/ohMAj0aEnnN8EOLXf+s5c5C6OzJNp03RVMF/FuzY0DSmLppYJP5iEuxYvnCYwpANzVMBu7Ve5rQR6wGLRK6j19dMqjxaMGKKpWrE63w6vrSO4e8GI9JqgferMQhVMtCIzBiATUb+jQmtkbNpd3etkXFIiqquRPdN5Q95DhucKO/eKaPFs0oM4Wsn6dw0h7EqQAbftAcIr1K/LHo/8byb82l2WkhsdTX7CfuHwIEGGA+1MbUADmcx2WdRJ23djMNNOQDqwyYmC19o2vzM0hfKQQL9gNRSGzbO/op5UC5ROA2uKw6BGY/edhgTVSmlgeD58LULpFCsEZLungAh",
            "read_only": false,
            "repository": "flux-gitops",
            "title": "flux0"
          },
          "sensitive_attributes": [
            [
              {
                "type": "get_attr",
                "value": "key"
              }
            ]
          ],
          "private": "bnVsbA==",
          "dependencies": [
            "module.github_repository.github_repository.this",
            "module.tls_private_key.tls_private_key.this"
          ]
        }
      ]
    },
    {
      "module": "module.gke_cluster",
      "mode": "managed",
      "type": "google_container_cluster",
      "name": "this",
      "provider": "module.gke_cluster.provider[\"registry.terraform.io/hashicorp/google\"]",
      "instances": [
        {
          "schema_version": 1,
          "attributes": {
            "addons_config": [
              {
                "cloudrun_config": [],
                "config_connector_config": [],
                "dns_cache_config": [],
                "gce_persistent_disk_csi_driver_config": [
                  {
                    "enabled": true
                  }
                ],
                "gcp_filestore_csi_driver_config": [],
                "gke_backup_agent_config": [],
                "horizontal_pod_autoscaling": [],
                "http_load_balancing": [],
                "network_policy_config": [
                  {
                    "disabled": true
                  }
                ]
              }
            ],
            "authenticator_groups_config": [],
            "binary_authorization": [
              {
                "enabled": false,
                "evaluation_mode": ""
              }
            ],
            "cluster_autoscaling": [
              {
                "auto_provisioning_defaults": [],
                "enabled": false,
                "resource_limits": []
              }
            ],
            "cluster_ipv4_cidr": "10.0.0.0/14",
            "confidential_nodes": [],
            "cost_management_config": [],
            "database_encryption": [
              {
                "key_name": "",
                "state": "DECRYPTED"
              }
            ],
            "datapath_provider": "",
            "default_max_pods_per_node": null,
            "default_snat_status": [
              {
                "disabled": false
              }
            ],
            "description": "",
            "dns_config": [],
            "enable_autopilot": false,
            "enable_binary_authorization": false,
            "enable_intranode_visibility": false,
            "enable_kubernetes_alpha": false,
            "enable_l4_ilb_subsetting": false,
            "enable_legacy_abac": false,
            "enable_shielded_nodes": true,
            "enable_tpu": false,
            "endpoint": "34.132.142.168",
            "gateway_api_config": [],
            "id": "projects/perceptive-bay-209210/locations/us-central1-c/clusters/main",
            "initial_node_count": 1,
            "ip_allocation_policy": [],
            "label_fingerprint": "a9dc16a7",
            "location": "us-central1-c",
            "logging_config": [
              {
                "enable_components": [
                  "SYSTEM_COMPONENTS",
                  "WORKLOADS"
                ]
              }
            ],
            "logging_service": "logging.googleapis.com/kubernetes",
            "maintenance_policy": [],
            "master_auth": [
              {
                "client_certificate": "",
                "client_certificate_config": [
                  {
                    "issue_client_certificate": false
                  }
                ],
                "client_key": "",
                "cluster_ca_certificate": "LS0tLS1CRUdJTiBDRVJUSUZJQ0FURS0tLS0tCk1JSUVMRENDQXBTZ0F3SUJBZ0lRRlNRaFEwZUptVWZwMk9iQ0FpODdMVEFOQmdrcWhraUc5dzBCQVFzRkFEQXYKTVMwd0t3WURWUVFERXlSa01UWXdPR1EzTlMwMU5XSmtMVFJsWkRJdFltWXdNaTFrTldReU16UmtaVEl6TURNdwpJQmNOTWpRd05URTJNVGd4TXpBM1doZ1BNakExTkRBMU1Ea3hPVEV6TURkYU1DOHhMVEFyQmdOVkJBTVRKR1F4Ck5qQTRaRGMxTFRVMVltUXROR1ZrTWkxaVpqQXlMV1ExWkRJek5HUmxNak13TXpDQ0FhSXdEUVlKS29aSWh2Y04KQVFFQkJRQURnZ0dQQURDQ0FZb0NnZ0dCQUo5bnNidVo0QXpiTXNsSG51d2xxcmpNQWQ0L2l4UlU0ZmVJNUJmRwpoMUpUQ1dSUUo4cHNKUlcwYlM1dk41S2wzSnpMeFpGZ1ZjdWI1UEhXRGl5bmoyN1BsVk16Z3RLY2VGT0p2RUhDCk5wYlA3VzZPRVI2bkUxQWxvM0Z3R0NTYzUxQVVOUmVxdGNVbFphTElLb0NMUlNQZXRjenVXMVFPNkJ3VWc1NHAKU21MSXdCZWxrWEdUNEFQeXEzZVorcHF5ZTZtTmc5T0xqeFozaktDZzBqcVFGa2UzUTlkNGVTd3BQS2NWNllEdgp5V0p3WHBQdVRjMFZSUyttbjBncnN4WnRSN3padnZVclhLaGFQZFhLU1lMM1JPZlRmU3hidHpudXdMazhtTWZlCkJlenlDNGVUV1JzTmdlMEpkbEVZTEZFNmdFQytaVDVpeVAzcHRnZFpzUE9DeXBWYVlDZkRxVE93OW9KWHFvUloKSmZMM01MU1p2Si9wa1pUQUVFdnBlUFg2VUxtQlh4OEpLTFM4bzkvSXM5N2pmQW1PcENHRVo3ZE9SUTAvY0lYNApjWk92L3cxTGdpME5qTnJJSzJlR2dXSHc3eGZGdDNjUzRhNHhtalRCeU5VTXovN2hMbWoxbnZ4eEV6K2lJMmdtCmhaTjZFekhEMU5ISmlzdElmZFdPR0dWVEd3SURBUUFCbzBJd1FEQU9CZ05WSFE4QkFmOEVCQU1DQWdRd0R3WUQKVlIwVEFRSC9CQVV3QXdFQi96QWRCZ05WSFE0RUZnUVVCTGxLTCt2MFFVVWJsZXdjUlJDWTVGTmJpRW93RFFZSgpLb1pJaHZjTkFRRUxCUUFEZ2dHQkFFRnJkR1d5VDcwVWJlcDZSZ2wxMkc3bmtHVjV3cDFFaXk4OFBGWlVad3dtCmlzVUNsY3pRelVpdzY2OWVzbXl0bHBmNnVKNDBUYmxwcjRDZ1gydjhMSWNZSXUrSWs4dy9GbDJxNWljWGptSDkKOENwM0hNK0RVWTRnQjUxWUU2MWNwTnozSTFIU0puOU9xSUVaZGhBZ1N2eDNORnhUTTZTMTE0SVJGZTRaWFhOcgpKL2Zra2F3OGNmdC9hSmg1R1NMS3B0Rk1Fc1Qya0xnRHZPZVJGRFJwVVl0dFJwSFJsTVQwK0xSVjdTZmhjMS96CmFHWm5XZGEyVnpIVFg4Z01RY2VpVXVKWXp4UTJBYktkaGI5aHdmM0ttWE1nakNOR0xnTkR3REFXNU9yWHhhejYKczJ2dmdjTE83aWZ3emxzWVlmc09ZeWhnYWlycWFHUzRDNUd5aEVTdHpFYVdJZ043SGl5OWI5T0d4TjhNZ1ZiMApWZG5nUG5kZmowUTU5aHV4bkhOby9YQ05ETWo4aU4yM25zeXMrYXBxN0l3VnNqSDZUeWFJbGdMUXBJWlRlY1EwCnh2L04wRlB6VkVvS1ZpTWxrcTg4U0w0Rnp6UDhoSm5QQ2oyblRlVG01S21ZaFJwQUdkRllhUWo1a2MrTm5OU2QKR21IRHJ5VlByeWNYQW5PVWVYeHcxdz09Ci0tLS0tRU5EIENFUlRJRklDQVRFLS0tLS0K"
              }
            ],
            "master_authorized_networks_config": [],
            "master_version": "1.28.7-gke.1026000",
            "mesh_certificates": [],
            "min_master_version": null,
            "monitoring_config": [
              {
                "enable_components": [
                  "SYSTEM_COMPONENTS"
                ],
                "managed_prometheus": [
                  {
                    "enabled": true
                  }
                ]
              }
            ],
            "monitoring_service": "monitoring.googleapis.com/kubernetes",
            "name": "main",
            "network": "projects/perceptive-bay-209210/global/networks/default",
            "network_policy": [
              {
                "enabled": false,
                "provider": "PROVIDER_UNSPECIFIED"
              }
            ],
            "networking_mode": "ROUTES",
            "node_config": [],
            "node_locations": [],
            "node_pool": [],
            "node_pool_defaults": [
              {
                "node_config_defaults": [
                  {
                    "logging_variant": "DEFAULT"
                  }
                ]
              }
            ],
            "node_version": "1.28.7-gke.1026000",
            "notification_config": [
              {
                "pubsub": [
                  {
                    "enabled": false,
                    "filter": [],
                    "topic": ""
                  }
                ]
              }
            ],
            "operation": null,
            "private_cluster_config": [
              {
                "enable_private_endpoint": false,
                "enable_private_nodes": false,
                "master_global_access_config": [
                  {
                    "enabled": false
                  }
                ],
                "master_ipv4_cidr_block": "",
                "peering_name": "",
                "private_endpoint": "10.128.0.24",
                "private_endpoint_subnetwork": "",
                "public_endpoint": "34.132.142.168"
              }
            ],
            "private_ipv6_google_access": "",
            "project": "perceptive-bay-209210",
            "release_channel": [
              {
                "channel": "REGULAR"
              }
            ],
            "remove_default_node_pool": true,
            "resource_labels": null,
            "resource_usage_export_config": [],
            "self_link": "https://container.googleapis.com/v1/projects/perceptive-bay-209210/zones/us-central1-c/clusters/main",
            "service_external_ips_config": [
              {
                "enabled": false
              }
            ],
            "services_ipv4_cidr": "10.3.240.0/20",
            "subnetwork": "projects/perceptive-bay-209210/regions/us-central1/subnetworks/default",
            "timeouts": null,
            "tpu_ipv4_cidr_block": "",
            "vertical_pod_autoscaling": [],
            "workload_identity_config": [
              {
                "workload_pool": "perceptive-bay-209210.svc.id.goog"
              }
            ]
          },
          "sensitive_attributes": [],
          "private": "eyJlMmJmYjczMC1lY2FhLTExZTYtOGY4OC0zNDM2M2JjN2M0YzAiOnsiY3JlYXRlIjoyNDAwMDAwMDAwMDAwLCJkZWxldGUiOjI0MDAwMDAwMDAwMDAsInJlYWQiOjI0MDAwMDAwMDAwMDAsInVwZGF0ZSI6MzYwMDAwMDAwMDAwMH0sInNjaGVtYV92ZXJzaW9uIjoiMSJ9"
        }
      ]
    },
    {
      "module": "module.gke_cluster",
      "mode": "managed",
      "type": "google_container_node_pool",
      "name": "this",
      "provider": "module.gke_cluster.provider[\"registry.terraform.io/hashicorp/google\"]",
      "instances": [
        {
          "schema_version": 1,
          "attributes": {
            "autoscaling": [],
            "cluster": "main",
            "id": "projects/perceptive-bay-209210/locations/us-central1-c/clusters/main/nodePools/main",
            "initial_node_count": 2,
            "instance_group_urls": [
              "https://www.googleapis.com/compute/v1/projects/perceptive-bay-209210/zones/us-central1-c/instanceGroupManagers/gke-main-main-9063dd30-grp"
            ],
            "location": "us-central1-c",
            "managed_instance_group_urls": [
              "https://www.googleapis.com/compute/v1/projects/perceptive-bay-209210/zones/us-central1-c/instanceGroups/gke-main-main-9063dd30-grp"
            ],
            "management": [
              {
                "auto_repair": true,
                "auto_upgrade": true
              }
            ],
            "max_pods_per_node": null,
            "name": "main",
            "name_prefix": "",
            "network_config": [
              {
                "create_pod_range": false,
                "enable_private_nodes": false,
                "pod_ipv4_cidr_block": "",
                "pod_range": ""
              }
            ],
            "node_config": [
              {
                "boot_disk_kms_key": "",
                "disk_size_gb": 100,
                "disk_type": "pd-balanced",
                "gcfs_config": [],
                "guest_accelerator": [],
                "gvnic": [],
                "image_type": "COS_CONTAINERD",
                "kubelet_config": [],
                "labels": {},
                "linux_node_config": [],
                "local_ssd_count": 0,
                "logging_variant": "DEFAULT",
                "machine_type": "g1-small",
                "metadata": {
                  "disable-legacy-endpoints": "true"
                },
                "min_cpu_platform": "",
                "node_group": "",
                "oauth_scopes": [
                  "https://www.googleapis.com/auth/devstorage.read_only",
                  "https://www.googleapis.com/auth/logging.write",
                  "https://www.googleapis.com/auth/monitoring",
                  "https://www.googleapis.com/auth/service.management.readonly",
                  "https://www.googleapis.com/auth/servicecontrol",
                  "https://www.googleapis.com/auth/trace.append"
                ],
                "preemptible": false,
                "reservation_affinity": [],
                "resource_labels": null,
                "service_account": "default",
                "shielded_instance_config": [
                  {
                    "enable_integrity_monitoring": true,
                    "enable_secure_boot": false
                  }
                ],
                "spot": false,
                "tags": null,
                "taint": [],
                "workload_metadata_config": [
                  {
                    "mode": "GKE_METADATA"
                  }
                ]
              }
            ],
            "node_count": 2,
            "node_locations": [
              "us-central1-c"
            ],
            "operation": null,
            "placement_policy": [],
            "project": "perceptive-bay-209210",
            "timeouts": null,
            "upgrade_settings": [
              {
                "blue_green_settings": [],
                "max_surge": 1,
                "max_unavailable": 0,
                "strategy": "SURGE"
              }
            ],
            "version": "1.28.7-gke.1026000"
          },
          "sensitive_attributes": [],
          "private": "eyJlMmJmYjczMC1lY2FhLTExZTYtOGY4OC0zNDM2M2JjN2M0YzAiOnsiY3JlYXRlIjoxODAwMDAwMDAwMDAwLCJkZWxldGUiOjE4MDAwMDAwMDAwMDAsInVwZGF0ZSI6MTgwMDAwMDAwMDAwMH0sInNjaGVtYV92ZXJzaW9uIjoiMSJ9",
          "dependencies": [
            "module.gke_cluster.google_container_cluster.this"
          ]
        }
      ]
    },
    {
      "module": "module.gke_cluster",
      "mode": "managed",
      "type": "local_file",
      "name": "kubeconfig",
      "provider": "provider[\"registry.terraform.io/hashicorp/local\"]",
      "instances": [
        {
          "schema_version": 0,
          "attributes": {
            "content": "apiVersion: v1\nclusters:\n- cluster:\n    certificate-authority-data: LS0tLS1CRUdJTiBDRVJUSUZJQ0FURS0tLS0tCk1JSUVMRENDQXBTZ0F3SUJBZ0lRRlNRaFEwZUptVWZwMk9iQ0FpODdMVEFOQmdrcWhraUc5dzBCQVFzRkFEQXYKTVMwd0t3WURWUVFERXlSa01UWXdPR1EzTlMwMU5XSmtMVFJsWkRJdFltWXdNaTFrTldReU16UmtaVEl6TURNdwpJQmNOTWpRd05URTJNVGd4TXpBM1doZ1BNakExTkRBMU1Ea3hPVEV6TURkYU1DOHhMVEFyQmdOVkJBTVRKR1F4Ck5qQTRaRGMxTFRVMVltUXROR1ZrTWkxaVpqQXlMV1ExWkRJek5HUmxNak13TXpDQ0FhSXdEUVlKS29aSWh2Y04KQVFFQkJRQURnZ0dQQURDQ0FZb0NnZ0dCQUo5bnNidVo0QXpiTXNsSG51d2xxcmpNQWQ0L2l4UlU0ZmVJNUJmRwpoMUpUQ1dSUUo4cHNKUlcwYlM1dk41S2wzSnpMeFpGZ1ZjdWI1UEhXRGl5bmoyN1BsVk16Z3RLY2VGT0p2RUhDCk5wYlA3VzZPRVI2bkUxQWxvM0Z3R0NTYzUxQVVOUmVxdGNVbFphTElLb0NMUlNQZXRjenVXMVFPNkJ3VWc1NHAKU21MSXdCZWxrWEdUNEFQeXEzZVorcHF5ZTZtTmc5T0xqeFozaktDZzBqcVFGa2UzUTlkNGVTd3BQS2NWNllEdgp5V0p3WHBQdVRjMFZSUyttbjBncnN4WnRSN3padnZVclhLaGFQZFhLU1lMM1JPZlRmU3hidHpudXdMazhtTWZlCkJlenlDNGVUV1JzTmdlMEpkbEVZTEZFNmdFQytaVDVpeVAzcHRnZFpzUE9DeXBWYVlDZkRxVE93OW9KWHFvUloKSmZMM01MU1p2Si9wa1pUQUVFdnBlUFg2VUxtQlh4OEpLTFM4bzkvSXM5N2pmQW1PcENHRVo3ZE9SUTAvY0lYNApjWk92L3cxTGdpME5qTnJJSzJlR2dXSHc3eGZGdDNjUzRhNHhtalRCeU5VTXovN2hMbWoxbnZ4eEV6K2lJMmdtCmhaTjZFekhEMU5ISmlzdElmZFdPR0dWVEd3SURBUUFCbzBJd1FEQU9CZ05WSFE4QkFmOEVCQU1DQWdRd0R3WUQKVlIwVEFRSC9CQVV3QXdFQi96QWRCZ05WSFE0RUZnUVVCTGxLTCt2MFFVVWJsZXdjUlJDWTVGTmJpRW93RFFZSgpLb1pJaHZjTkFRRUxCUUFEZ2dHQkFFRnJkR1d5VDcwVWJlcDZSZ2wxMkc3bmtHVjV3cDFFaXk4OFBGWlVad3dtCmlzVUNsY3pRelVpdzY2OWVzbXl0bHBmNnVKNDBUYmxwcjRDZ1gydjhMSWNZSXUrSWs4dy9GbDJxNWljWGptSDkKOENwM0hNK0RVWTRnQjUxWUU2MWNwTnozSTFIU0puOU9xSUVaZGhBZ1N2eDNORnhUTTZTMTE0SVJGZTRaWFhOcgpKL2Zra2F3OGNmdC9hSmg1R1NMS3B0Rk1Fc1Qya0xnRHZPZVJGRFJwVVl0dFJwSFJsTVQwK0xSVjdTZmhjMS96CmFHWm5XZGEyVnpIVFg4Z01RY2VpVXVKWXp4UTJBYktkaGI5aHdmM0ttWE1nakNOR0xnTkR3REFXNU9yWHhhejYKczJ2dmdjTE83aWZ3emxzWVlmc09ZeWhnYWlycWFHUzRDNUd5aEVTdHpFYVdJZ043SGl5OWI5T0d4TjhNZ1ZiMApWZG5nUG5kZmowUTU5aHV4bkhOby9YQ05ETWo4aU4yM25zeXMrYXBxN0l3VnNqSDZUeWFJbGdMUXBJWlRlY1EwCnh2L04wRlB6VkVvS1ZpTWxrcTg4U0w0Rnp6UDhoSm5QQ2oyblRlVG01S21ZaFJwQUdkRllhUWo1a2MrTm5OU2QKR21IRHJ5VlByeWNYQW5PVWVYeHcxdz09Ci0tLS0tRU5EIENFUlRJRklDQVRFLS0tLS0K\n    server: https://34.132.142.168\n  name: main\ncontexts:\n- context:\n    cluster: main\n    user: main\n  name: main\ncurrent-context: main\nkind: Config\npreferences: {}\nusers:\n- name: main\n  user:\n    token: ya29.a0AXooCgs9zVB60lF9VTufIZjxb74yaZf2cGyGBIwYp9kl9aRKkSPQRTQP1yCTuT6n60AbOuHc6s5-rrhjVBvgHdDCH7H33cOZPtxBLXUTZqqz2wCqrOy6nT5L5oRz8gfNL7xFQs4iAfik9ZuGuT7kDH_vPq8hvm_FZWO8GT2Qp4mRStRew0QVZ-slFvdMjtumhcqPwVcjkPTwh406PJO5DDANsXH3aiqfLsYjx2fO54FRTAcYjebAUKx94CbpD3N4UXfZbPwGh-bSS8Inimi3kvc0zgKrq5DLmsrUqzeRhhFqYwHzcuwhN8X8avn9n7h3hZ2I1-9kMeuR8KC8ziRxpVoXF2V3opDKfwMKYwo520C0HZpgqutMAWa6TG8uvZSDu0lk3JrySzvJohyIXS0kaMl2kClSB_QgpQaCgYKAdUSARISFQHGX2MiNn023DiEpaB-_JlrM1C9pw0425\n",
            "content_base64": null,
            "content_base64sha256": "QFpIGSMzFhzz7/BHy8PR2c3LtVk5oy/rmgiUwSW96i0=",
            "content_base64sha512": "84dOQQxl/KkWsogaiK5oD/jEhiYejTf2v5vD0uvXEdkj30p78C3fp9JrNIfq1fShgnandU0ufe0eM/LwUmF7aA==",
            "content_md5": "62d3ceabef0e4b8cf8fa05606fb82cfb",
            "content_sha1": "e58cdf40b3fbd4d2e8b41c5890695ac26fe02fc9",
            "content_sha256": "405a48192333161cf3eff047cbc3d1d9cdcbb55939a32feb9a0894c125bdea2d",
            "content_sha512": "f3874e410c65fca916b2881a88ae680ff8c486261e8d37f6bf9bc3d2ebd711d923df4a7bf02ddfa7d26b3487ead5f4a18276a7754d2e7ded1e33f2f052617b68",
            "directory_permission": "0777",
            "file_permission": "0400",
            "filename": "modules/google-gke-cluster/kubeconfig",
            "id": "e58cdf40b3fbd4d2e8b41c5890695ac26fe02fc9",
            "sensitive_content": null,
            "source": null
          },
          "sensitive_attributes": [
            [
              {
                "type": "get_attr",
                "value": "content"
              }
            ]
          ],
          "dependencies": [
            "module.gke_cluster.google_container_cluster.this",
            "module.gke_cluster.module.gke_auth.data.google_client_config.provider",
            "module.gke_cluster.module.gke_auth.data.google_container_cluster.gke_cluster"
          ]
        }
      ]
    },
    {
      "module": "module.gke_cluster.module.gke_auth",
      "mode": "data",
      "type": "google_client_config",
      "name": "provider",
      "provider": "module.gke_cluster.provider[\"registry.terraform.io/hashicorp/google\"]",
      "instances": [
        {
          "schema_version": 0,
          "attributes": {
            "access_token": "ya29.a0AXooCgs9zVB60lF9VTufIZjxb74yaZf2cGyGBIwYp9kl9aRKkSPQRTQP1yCTuT6n60AbOuHc6s5-rrhjVBvgHdDCH7H33cOZPtxBLXUTZqqz2wCqrOy6nT5L5oRz8gfNL7xFQs4iAfik9ZuGuT7kDH_vPq8hvm_FZWO8GT2Qp4mRStRew0QVZ-slFvdMjtumhcqPwVcjkPTwh406PJO5DDANsXH3aiqfLsYjx2fO54FRTAcYjebAUKx94CbpD3N4UXfZbPwGh-bSS8Inimi3kvc0zgKrq5DLmsrUqzeRhhFqYwHzcuwhN8X8avn9n7h3hZ2I1-9kMeuR8KC8ziRxpVoXF2V3opDKfwMKYwo520C0HZpgqutMAWa6TG8uvZSDu0lk3JrySzvJohyIXS0kaMl2kClSB_QgpQaCgYKAdUSARISFQHGX2MiNn023DiEpaB-_JlrM1C9pw0425",
            "id": "projects/perceptive-bay-209210/regions/us-central1-c/zones/",
            "project": "perceptive-bay-209210",
            "region": "us-central1-c",
            "zone": ""
          },
          "sensitive_attributes": []
        }
      ]
    },
    {
      "module": "module.gke_cluster.module.gke_auth",
      "mode": "data",
      "type": "google_container_cluster",
      "name": "gke_cluster",
      "provider": "module.gke_cluster.provider[\"registry.terraform.io/hashicorp/google\"]",
      "instances": [
        {
          "schema_version": 0,
          "attributes": {
            "addons_config": [
              {
                "cloudrun_config": [],
                "config_connector_config": [],
                "dns_cache_config": [],
                "gce_persistent_disk_csi_driver_config": [
                  {
                    "enabled": true
                  }
                ],
                "gcp_filestore_csi_driver_config": [],
                "gke_backup_agent_config": [],
                "horizontal_pod_autoscaling": [],
                "http_load_balancing": [],
                "network_policy_config": [
                  {
                    "disabled": true
                  }
                ]
              }
            ],
            "authenticator_groups_config": [],
            "binary_authorization": [
              {
                "enabled": false,
                "evaluation_mode": ""
              }
            ],
            "cluster_autoscaling": [
              {
                "auto_provisioning_defaults": [],
                "enabled": false,
                "resource_limits": []
              }
            ],
            "cluster_ipv4_cidr": "10.0.0.0/14",
            "confidential_nodes": [],
            "cost_management_config": [],
            "database_encryption": [
              {
                "key_name": "",
                "state": "DECRYPTED"
              }
            ],
            "datapath_provider": "",
            "default_max_pods_per_node": null,
            "default_snat_status": [
              {
                "disabled": false
              }
            ],
            "description": "",
            "dns_config": [],
            "enable_autopilot": false,
            "enable_binary_authorization": false,
            "enable_intranode_visibility": false,
            "enable_kubernetes_alpha": false,
            "enable_l4_ilb_subsetting": false,
            "enable_legacy_abac": false,
            "enable_shielded_nodes": true,
            "enable_tpu": false,
            "endpoint": "34.132.142.168",
            "gateway_api_config": [],
            "id": "projects/perceptive-bay-209210/locations/us-central1-c/clusters/main",
            "initial_node_count": 1,
            "ip_allocation_policy": [],
            "label_fingerprint": "a9dc16a7",
            "location": "us-central1-c",
            "logging_config": [
              {
                "enable_components": [
                  "SYSTEM_COMPONENTS",
                  "WORKLOADS"
                ]
              }
            ],
            "logging_service": "logging.googleapis.com/kubernetes",
            "maintenance_policy": [],
            "master_auth": [
              {
                "client_certificate": "",
                "client_certificate_config": [
                  {
                    "issue_client_certificate": false
                  }
                ],
                "client_key": "",
                "cluster_ca_certificate": "LS0tLS1CRUdJTiBDRVJUSUZJQ0FURS0tLS0tCk1JSUVMRENDQXBTZ0F3SUJBZ0lRRlNRaFEwZUptVWZwMk9iQ0FpODdMVEFOQmdrcWhraUc5dzBCQVFzRkFEQXYKTVMwd0t3WURWUVFERXlSa01UWXdPR1EzTlMwMU5XSmtMVFJsWkRJdFltWXdNaTFrTldReU16UmtaVEl6TURNdwpJQmNOTWpRd05URTJNVGd4TXpBM1doZ1BNakExTkRBMU1Ea3hPVEV6TURkYU1DOHhMVEFyQmdOVkJBTVRKR1F4Ck5qQTRaRGMxTFRVMVltUXROR1ZrTWkxaVpqQXlMV1ExWkRJek5HUmxNak13TXpDQ0FhSXdEUVlKS29aSWh2Y04KQVFFQkJRQURnZ0dQQURDQ0FZb0NnZ0dCQUo5bnNidVo0QXpiTXNsSG51d2xxcmpNQWQ0L2l4UlU0ZmVJNUJmRwpoMUpUQ1dSUUo4cHNKUlcwYlM1dk41S2wzSnpMeFpGZ1ZjdWI1UEhXRGl5bmoyN1BsVk16Z3RLY2VGT0p2RUhDCk5wYlA3VzZPRVI2bkUxQWxvM0Z3R0NTYzUxQVVOUmVxdGNVbFphTElLb0NMUlNQZXRjenVXMVFPNkJ3VWc1NHAKU21MSXdCZWxrWEdUNEFQeXEzZVorcHF5ZTZtTmc5T0xqeFozaktDZzBqcVFGa2UzUTlkNGVTd3BQS2NWNllEdgp5V0p3WHBQdVRjMFZSUyttbjBncnN4WnRSN3padnZVclhLaGFQZFhLU1lMM1JPZlRmU3hidHpudXdMazhtTWZlCkJlenlDNGVUV1JzTmdlMEpkbEVZTEZFNmdFQytaVDVpeVAzcHRnZFpzUE9DeXBWYVlDZkRxVE93OW9KWHFvUloKSmZMM01MU1p2Si9wa1pUQUVFdnBlUFg2VUxtQlh4OEpLTFM4bzkvSXM5N2pmQW1PcENHRVo3ZE9SUTAvY0lYNApjWk92L3cxTGdpME5qTnJJSzJlR2dXSHc3eGZGdDNjUzRhNHhtalRCeU5VTXovN2hMbWoxbnZ4eEV6K2lJMmdtCmhaTjZFekhEMU5ISmlzdElmZFdPR0dWVEd3SURBUUFCbzBJd1FEQU9CZ05WSFE4QkFmOEVCQU1DQWdRd0R3WUQKVlIwVEFRSC9CQVV3QXdFQi96QWRCZ05WSFE0RUZnUVVCTGxLTCt2MFFVVWJsZXdjUlJDWTVGTmJpRW93RFFZSgpLb1pJaHZjTkFRRUxCUUFEZ2dHQkFFRnJkR1d5VDcwVWJlcDZSZ2wxMkc3bmtHVjV3cDFFaXk4OFBGWlVad3dtCmlzVUNsY3pRelVpdzY2OWVzbXl0bHBmNnVKNDBUYmxwcjRDZ1gydjhMSWNZSXUrSWs4dy9GbDJxNWljWGptSDkKOENwM0hNK0RVWTRnQjUxWUU2MWNwTnozSTFIU0puOU9xSUVaZGhBZ1N2eDNORnhUTTZTMTE0SVJGZTRaWFhOcgpKL2Zra2F3OGNmdC9hSmg1R1NMS3B0Rk1Fc1Qya0xnRHZPZVJGRFJwVVl0dFJwSFJsTVQwK0xSVjdTZmhjMS96CmFHWm5XZGEyVnpIVFg4Z01RY2VpVXVKWXp4UTJBYktkaGI5aHdmM0ttWE1nakNOR0xnTkR3REFXNU9yWHhhejYKczJ2dmdjTE83aWZ3emxzWVlmc09ZeWhnYWlycWFHUzRDNUd5aEVTdHpFYVdJZ043SGl5OWI5T0d4TjhNZ1ZiMApWZG5nUG5kZmowUTU5aHV4bkhOby9YQ05ETWo4aU4yM25zeXMrYXBxN0l3VnNqSDZUeWFJbGdMUXBJWlRlY1EwCnh2L04wRlB6VkVvS1ZpTWxrcTg4U0w0Rnp6UDhoSm5QQ2oyblRlVG01S21ZaFJwQUdkRllhUWo1a2MrTm5OU2QKR21IRHJ5VlByeWNYQW5PVWVYeHcxdz09Ci0tLS0tRU5EIENFUlRJRklDQVRFLS0tLS0K"
              }
            ],
            "master_authorized_networks_config": [],
            "master_version": "1.28.7-gke.1026000",
            "mesh_certificates": [],
            "min_master_version": null,
            "monitoring_config": [
              {
                "enable_components": [
                  "SYSTEM_COMPONENTS"
                ],
                "managed_prometheus": [
                  {
                    "enabled": true
                  }
                ]
              }
            ],
            "monitoring_service": "monitoring.googleapis.com/kubernetes",
            "name": "main",
            "network": "projects/perceptive-bay-209210/global/networks/default",
            "network_policy": [
              {
                "enabled": false,
                "provider": "PROVIDER_UNSPECIFIED"
              }
            ],
            "networking_mode": "ROUTES",
            "node_config": [],
            "node_locations": [],
            "node_pool": [],
            "node_pool_defaults": [
              {
                "node_config_defaults": [
                  {
                    "logging_variant": "DEFAULT"
                  }
                ]
              }
            ],
            "node_version": "1.28.7-gke.1026000",
            "notification_config": [
              {
                "pubsub": [
                  {
                    "enabled": false,
                    "filter": [],
                    "topic": ""
                  }
                ]
              }
            ],
            "operation": null,
            "private_cluster_config": [
              {
                "enable_private_endpoint": false,
                "enable_private_nodes": false,
                "master_global_access_config": [
                  {
                    "enabled": false
                  }
                ],
                "master_ipv4_cidr_block": "",
                "peering_name": "",
                "private_endpoint": "10.128.0.24",
                "private_endpoint_subnetwork": "",
                "public_endpoint": "34.132.142.168"
              }
            ],
            "private_ipv6_google_access": "",
            "project": "perceptive-bay-209210",
            "release_channel": [
              {
                "channel": "REGULAR"
              }
            ],
            "remove_default_node_pool": null,
            "resource_labels": {},
            "resource_usage_export_config": [],
            "self_link": "https://container.googleapis.com/v1/projects/perceptive-bay-209210/zones/us-central1-c/clusters/main",
            "service_external_ips_config": [
              {
                "enabled": false
              }
            ],
            "services_ipv4_cidr": "10.3.240.0/20",
            "subnetwork": "projects/perceptive-bay-209210/regions/us-central1/subnetworks/default",
            "tpu_ipv4_cidr_block": "",
            "vertical_pod_autoscaling": [],
            "workload_identity_config": [
              {
                "workload_pool": "perceptive-bay-209210.svc.id.goog"
              }
            ]
          },
          "sensitive_attributes": []
        }
      ]
    },
    {
      "module": "module.tls_private_key",
      "mode": "managed",
      "type": "tls_private_key",
      "name": "this",
      "provider": "provider[\"registry.terraform.io/hashicorp/tls\"]",
      "instances": [
        {
          "schema_version": 1,
          "attributes": {
            "algorithm": "RSA",
            "ecdsa_curve": "P256",
            "id": "53d49fd8904f93efefc7f0414694089c7448c125",
            "private_key_openssh": "-----BEGIN OPENSSH PRIVATE KEY-----\nb3BlbnNzaC1rZXktdjEAAAAABG5vbmUAAAAEbm9uZQAAAAAAAAABAAABFwAAAAdz\nc2gtcnNhAAAAAwEAAQAAAQEAqZcN/6ITAI9GhJ5zfBDi13/rOXOQujsyTadN0VTB\nfxbs2NA0pi6aWCT+YhLsWL5wmMKQDc1TAbu1Xua0EesBi0Suo9fXTKo8WjBiiqVq\nxOt8Or60juHvBiPSaoH3qzEIVTLQiMwYgE1G/o0JrZGzaXd3rZFxSIqqrkT3TeUP\neQ4bnCjv3imjxbNKDOFrJ+ncNIexKkAG37QHCK9Svyx6P/G8m/NpdlpIbHU1+wn7\nh8CBBhgPtTG1AA5nMdlnUSdt3YzDTTkA6sMmJgtfaNr8zNIXykEC/YDUUhs2zv6K\neVAuUTgNrisOgRmP3nYYE1UppYHg+fC1C6RQrBGS7p4AIQAAA7j+2KkF/tipBQAA\nAAdzc2gtcnNhAAABAQCplw3/ohMAj0aEnnN8EOLXf+s5c5C6OzJNp03RVMF/FuzY\n0DSmLppYJP5iEuxYvnCYwpANzVMBu7Ve5rQR6wGLRK6j19dMqjxaMGKKpWrE63w6\nvrSO4e8GI9JqgferMQhVMtCIzBiATUb+jQmtkbNpd3etkXFIiqquRPdN5Q95Dhuc\nKO/eKaPFs0oM4Wsn6dw0h7EqQAbftAcIr1K/LHo/8byb82l2WkhsdTX7CfuHwIEG\nGA+1MbUADmcx2WdRJ23djMNNOQDqwyYmC19o2vzM0hfKQQL9gNRSGzbO/op5UC5R\nOA2uKw6BGY/edhgTVSmlgeD58LULpFCsEZLungAhAAAAAwEAAQAAAQAaZFaaXMem\nQ6XOx7XjLeGPdenOZAy23rWCXjH/DLicJZ4wU56N6hy88OzhqF49pU1yiHzQmQ58\n65BbN334d+EiokqnVtS7qpZ/1p3PQ9Ts1lTb84e34LNI+lQpnRZE/vl0ANdxIooB\nlYUh4iMKbu1D0YK/cS33AxVyz2rJJYeV5/ohPZKsX4rN/Y/Kq1RSENTs99rPIB5H\nh/vX8f5hYF3oQhfPCl3zCsBTLsCtYsZdFweysM13i49CLFUx262AspmUlCc4g7Cx\nFCmh+R8PkCyAubCcTZgL0nOqgO3g3pOh/7pQ3VG7Mym10BUADwRWbt5h4BvK6EnQ\nAM6b5GsreS9BAAAAgQCUMk19rIBHq9ZI5V13JLXmIapploHigLfDyl+DeBNwvGn1\naP/ax+5f66LgPlat/EIKLGGUOKOc5VrfhMi5vuSMdULIMH17m3FVrKDDqYsIb1CL\nS4M+rvze3ORDBqk31xhaMxAqrptdYMu55qaLvdR5UXc4U0flQ3csZtzMBjeroQAA\nAIEAwfs4G9sU4Nart7bztixqMnMf1MuI0udDxvVQkKNDHr8LwyudM03dH7yqQ8rL\ngoldHEq41SFY+Y+PiC6DBfWIs0urjipmj+sMMZms2PjM+y1SZMkN5y6y+ukuYWvh\nkkDVNu3aU6TVoUXZIJ3reCEz179WSrxQBkFPs+Kz01Cp79kAAACBAN/PfAmnNTZB\n07HBdL926f0xz66cvaTH6aB9DB6FEFtDDPqXD/sJRXoQbYAaa5wP/7mHRqBZ8Ggp\nparTBaxS2314goInF2MmMohC5//umwTwV7sWVEHzPM5qvhY6D/rkVZvhyAmXjkgV\nVH6cLtjwERWjpEDZMtMtw12XUKtp762JAAAAAAEC\n-----END OPENSSH PRIVATE KEY-----\n",
            "private_key_pem": "-----BEGIN RSA PRIVATE KEY-----\nMIIEowIBAAKCAQEAqZcN/6ITAI9GhJ5zfBDi13/rOXOQujsyTadN0VTBfxbs2NA0\npi6aWCT+YhLsWL5wmMKQDc1TAbu1Xua0EesBi0Suo9fXTKo8WjBiiqVqxOt8Or60\njuHvBiPSaoH3qzEIVTLQiMwYgE1G/o0JrZGzaXd3rZFxSIqqrkT3TeUPeQ4bnCjv\n3imjxbNKDOFrJ+ncNIexKkAG37QHCK9Svyx6P/G8m/NpdlpIbHU1+wn7h8CBBhgP\ntTG1AA5nMdlnUSdt3YzDTTkA6sMmJgtfaNr8zNIXykEC/YDUUhs2zv6KeVAuUTgN\nrisOgRmP3nYYE1UppYHg+fC1C6RQrBGS7p4AIQIDAQABAoIBABpkVppcx6ZDpc7H\nteMt4Y916c5kDLbetYJeMf8MuJwlnjBTno3qHLzw7OGoXj2lTXKIfNCZDnzrkFs3\nffh34SKiSqdW1Luqln/Wnc9D1OzWVNvzh7fgs0j6VCmdFkT++XQA13EiigGVhSHi\nIwpu7UPRgr9xLfcDFXLPasklh5Xn+iE9kqxfis39j8qrVFIQ1Oz32s8gHkeH+9fx\n/mFgXehCF88KXfMKwFMuwK1ixl0XB7KwzXeLj0IsVTHbrYCymZSUJziDsLEUKaH5\nHw+QLIC5sJxNmAvSc6qA7eDek6H/ulDdUbszKbXQFQAPBFZu3mHgG8roSdAAzpvk\nayt5L0ECgYEAwfs4G9sU4Nart7bztixqMnMf1MuI0udDxvVQkKNDHr8LwyudM03d\nH7yqQ8rLgoldHEq41SFY+Y+PiC6DBfWIs0urjipmj+sMMZms2PjM+y1SZMkN5y6y\n+ukuYWvhkkDVNu3aU6TVoUXZIJ3reCEz179WSrxQBkFPs+Kz01Cp79kCgYEA3898\nCac1NkHTscF0v3bp/THPrpy9pMfpoH0MHoUQW0MM+pcP+wlFehBtgBprnA//uYdG\noFnwaCmlqtMFrFLbfXiCgicXYyYyiELn/+6bBPBXuxZUQfM8zmq+FjoP+uRVm+HI\nCZeOSBVUfpwu2PARFaOkQNky0y3DXZdQq2nvrYkCgYAgf9pysE3bLZwvd3N1fhN8\nyFT47fDKhPySBN+um+vO5ustk80On2kAvDc6jGt0P1deOhalfqTNiwPdKQ3CndR9\nVZw0gV4VlqfAV6Lh5y1Ql9NKF3VA2k4aQ58Fq3Frc3lFbqw5f1BbaLxr/olI4ycw\nalomw04U/jRASycdrFIMYQKBgCh/sA9DHYLi6H6q5ghbaT3yzITpQfvWXPU4i3/e\nTjZlbKzPtwmTBOpwnI/ot/42euzEiMgtXi5LEvpVUxp6p9MNgngwwK+lUtGLYdXT\nBGQhZY6qHLcOX7tuX1VATnH07XTWp07tCMcMbQy4EFYbIsxKn0dIxkSmbEq8PdG2\nyrMZAoGBAJQyTX2sgEer1kjlXXckteYhqmmWgeKAt8PKX4N4E3C8afVo/9rH7l/r\nouA+Vq38QgosYZQ4o5zlWt+EyLm+5Ix1QsgwfXubcVWsoMOpiwhvUItLgz6u/N7c\n5EMGqTfXGFozECqum11gy7nmpou91HlRdzhTR+VDdyxm3MwGN6uh\n-----END RSA PRIVATE KEY-----\n",
            "private_key_pem_pkcs8": "-----BEGIN PRIVATE KEY-----\nMIIEvQIBADANBgkqhkiG9w0BAQEFAASCBKcwggSjAgEAAoIBAQCplw3/ohMAj0aE\nnnN8EOLXf+s5c5C6OzJNp03RVMF/FuzY0DSmLppYJP5iEuxYvnCYwpANzVMBu7Ve\n5rQR6wGLRK6j19dMqjxaMGKKpWrE63w6vrSO4e8GI9JqgferMQhVMtCIzBiATUb+\njQmtkbNpd3etkXFIiqquRPdN5Q95DhucKO/eKaPFs0oM4Wsn6dw0h7EqQAbftAcI\nr1K/LHo/8byb82l2WkhsdTX7CfuHwIEGGA+1MbUADmcx2WdRJ23djMNNOQDqwyYm\nC19o2vzM0hfKQQL9gNRSGzbO/op5UC5ROA2uKw6BGY/edhgTVSmlgeD58LULpFCs\nEZLungAhAgMBAAECggEAGmRWmlzHpkOlzse14y3hj3XpzmQMtt61gl4x/wy4nCWe\nMFOejeocvPDs4ahePaVNcoh80JkOfOuQWzd9+HfhIqJKp1bUu6qWf9adz0PU7NZU\n2/OHt+CzSPpUKZ0WRP75dADXcSKKAZWFIeIjCm7tQ9GCv3Et9wMVcs9qySWHlef6\nIT2SrF+Kzf2PyqtUUhDU7PfazyAeR4f71/H+YWBd6EIXzwpd8wrAUy7ArWLGXRcH\nsrDNd4uPQixVMdutgLKZlJQnOIOwsRQpofkfD5AsgLmwnE2YC9JzqoDt4N6Tof+6\nUN1RuzMptdAVAA8EVm7eYeAbyuhJ0ADOm+RrK3kvQQKBgQDB+zgb2xTg1qu3tvO2\nLGoycx/Uy4jS50PG9VCQo0MevwvDK50zTd0fvKpDysuCiV0cSrjVIVj5j4+ILoMF\n9YizS6uOKmaP6wwxmazY+Mz7LVJkyQ3nLrL66S5ha+GSQNU27dpTpNWhRdkgnet4\nITPXv1ZKvFAGQU+z4rPTUKnv2QKBgQDfz3wJpzU2QdOxwXS/dun9Mc+unL2kx+mg\nfQwehRBbQwz6lw/7CUV6EG2AGmucD/+5h0agWfBoKaWq0wWsUtt9eIKCJxdjJjKI\nQuf/7psE8Fe7FlRB8zzOar4WOg/65FWb4cgJl45IFVR+nC7Y8BEVo6RA2TLTLcNd\nl1Crae+tiQKBgCB/2nKwTdstnC93c3V+E3zIVPjt8MqE/JIE366b687m6y2TzQ6f\naQC8NzqMa3Q/V146FqV+pM2LA90pDcKd1H1VnDSBXhWWp8BXouHnLVCX00oXdUDa\nThpDnwWrcWtzeUVurDl/UFtovGv+iUjjJzBqWibDThT+NEBLJx2sUgxhAoGAKH+w\nD0MdguLofqrmCFtpPfLMhOlB+9Zc9TiLf95ONmVsrM+3CZME6nCcj+i3/jZ67MSI\nyC1eLksS+lVTGnqn0w2CeDDAr6VS0Yth1dMEZCFljqoctw5fu25fVUBOcfTtdNan\nTu0IxwxtDLgQVhsizEqfR0jGRKZsSrw90bbKsxkCgYEAlDJNfayAR6vWSOVddyS1\n5iGqaZaB4oC3w8pfg3gTcLxp9Wj/2sfuX+ui4D5WrfxCCixhlDijnOVa34TIub7k\njHVCyDB9e5txVaygw6mLCG9Qi0uDPq783tzkQwapN9cYWjMQKq6bXWDLueami73U\neVF3OFNH5UN3LGbczAY3q6E=\n-----END PRIVATE KEY-----\n",
            "public_key_fingerprint_md5": "aa:d1:c7:d3:b7:02:da:6e:0d:35:6e:b3:3b:ea:4f:5b",
            "public_key_fingerprint_sha256": "SHA256:cfvZyoEApNg++4l86tIQDes/l+qxl7QRajgZW5hH1xo",
            "public_key_openssh": "ssh-rsa AAAAB3NzaC1yc2EAAAADAQABAAABAQCplw3/ohMAj0aEnnN8EOLXf+s5c5C6OzJNp03RVMF/FuzY0DSmLppYJP5iEuxYvnCYwpANzVMBu7Ve5rQR6wGLRK6j19dMqjxaMGKKpWrE63w6vrSO4e8GI9JqgferMQhVMtCIzBiATUb+jQmtkbNpd3etkXFIiqquRPdN5Q95DhucKO/eKaPFs0oM4Wsn6dw0h7EqQAbftAcIr1K/LHo/8byb82l2WkhsdTX7CfuHwIEGGA+1MbUADmcx2WdRJ23djMNNOQDqwyYmC19o2vzM0hfKQQL9gNRSGzbO/op5UC5ROA2uKw6BGY/edhgTVSmlgeD58LULpFCsEZLungAh\n",
            "public_key_pem": "-----BEGIN PUBLIC KEY-----\nMIIBIjANBgkqhkiG9w0BAQEFAAOCAQ8AMIIBCgKCAQEAqZcN/6ITAI9GhJ5zfBDi\n13/rOXOQujsyTadN0VTBfxbs2NA0pi6aWCT+YhLsWL5wmMKQDc1TAbu1Xua0EesB\ni0Suo9fXTKo8WjBiiqVqxOt8Or60juHvBiPSaoH3qzEIVTLQiMwYgE1G/o0JrZGz\naXd3rZFxSIqqrkT3TeUPeQ4bnCjv3imjxbNKDOFrJ+ncNIexKkAG37QHCK9Svyx6\nP/G8m/NpdlpIbHU1+wn7h8CBBhgPtTG1AA5nMdlnUSdt3YzDTTkA6sMmJgtfaNr8\nzNIXykEC/YDUUhs2zv6KeVAuUTgNrisOgRmP3nYYE1UppYHg+fC1C6RQrBGS7p4A\nIQIDAQAB\n-----END PUBLIC KEY-----\n",
            "rsa_bits": 2048
          },
          "sensitive_attributes": []
        }
      ]
    }
  ],
  "check_results": null
}
